<?xml version="1.0" encoding="utf-8"?>
<Project ToolsVersion="4.0" xmlns="http://schemas.microsoft.com/developer/msbuild/2003">
  <ItemGroup>
    <Filter Include="Memory">
      <UniqueIdentifier>{08d6e309-8fcc-448a-bbf7-dd59090391fc}</UniqueIdentifier>
    </Filter>
    <Filter Include="Exception">
      <UniqueIdentifier>{cfd2b866-7d35-4dc8-993b-cf006325681a}</UniqueIdentifier>
    </Filter>
    <Filter Include="Math">
      <UniqueIdentifier>{8fdd8c5d-05bd-4e8e-9f24-8ffe518edf4c}</UniqueIdentifier>
    </Filter>
  </ItemGroup>
  <ItemGroup>
    <ClInclude Include="Memory\Common.h">
      <Filter>Memory</Filter>
    </ClInclude>
    <ClInclude Include="Memory\ObjectAllocator.hpp">
      <Filter>Memory</Filter>
    </ClInclude>
    <ClInclude Include="Memory\PoolAllocator.hpp">
      <Filter>Memory</Filter>
    </ClInclude>
    <ClInclude Include="Memory\ResourceAllocator.hpp">
      <Filter>Memory</Filter>
    </ClInclude>
    <ClInclude Include="Memory\SpyAllocator.hpp">
      <Filter>Memory</Filter>
    </ClInclude>
    <ClInclude Include="Memory\StackAllocator.hpp">
      <Filter>Memory</Filter>
    </ClInclude>
    <ClInclude Include="Memory\StdAllocatorAdapter.hpp">
      <Filter>Memory</Filter>
    </ClInclude>
    <ClInclude Include="Memory\AlignedMallocator.hpp">
      <Filter>Memory</Filter>
    </ClInclude>
    <ClInclude Include="Exception\ArithmeticException.h">
      <Filter>Exception</Filter>
    </ClInclude>
    <ClInclude Include="Exception\Common.h">
      <Filter>Exception</Filter>
    </ClInclude>
    <ClInclude Include="Exception\IOException.h">
      <Filter>Exception</Filter>
    </ClInclude>
    <ClInclude Include="Exception\NotSupportedException.h">
      <Filter>Exception</Filter>
    </ClInclude>
    <ClInclude Include="Exception\OutOfRangeException.h">
      <Filter>Exception</Filter>
    </ClInclude>
    <ClInclude Include="Exception\UndefinedBehaviourException.h">
      <Filter>Exception</Filter>
    </ClInclude>
    <ClInclude Include="Math\Common.h">
      <Filter>Math</Filter>
    </ClInclude>
    <ClInclude Include="Math\GramSchmidt.h">
      <Filter>Math</Filter>
    </ClInclude>
    <ClInclude Include="Math\Matrix.h">
      <Filter>Math</Filter>
    </ClInclude>
    <ClInclude Include="Math\NonZero.hpp">
      <Filter>Math</Filter>
    </ClInclude>
    <ClInclude Include="Math\Quaternion.h">
      <Filter>Math</Filter>
    </ClInclude>
    <ClInclude Include="Math\Vector2.h">
      <Filter>Math</Filter>
    </ClInclude>
    <ClInclude Include="Math\Vector3.h">
      <Filter>Math</Filter>
    </ClInclude>
    <ClInclude Include="Math\Vector4.h">
      <Filter>Math</Filter>
    </ClInclude>
    <ClInclude Include="ArrayView.hpp" />
    <ClInclude Include="Exceptions.h" />
    <ClInclude Include="Formats.h" />
    <ClInclude Include="Foundation.h" />
    <ClInclude Include="Math.h" />
    <ClInclude Include="Memory.h" />
    <ClInclude Include="Platform.h" />
    <ClInclude Include="Sal.h" />
    <ClInclude Include="UriBase.h" />
  </ItemGroup>
  <ItemGroup>
    <ClCompile Include="Memory\Common.cpp">
      <Filter>Memory</Filter>
    </ClCompile>
    <ClCompile Include="Math\GramSchmidt.cpp">
      <Filter>Math</Filter>
    </ClCompile>
    <ClCompile Include="Math\Matrix.cpp">
      <Filter>Math</Filter>
    </ClCompile>
    <ClCompile Include="Math\NonZero.cpp">
      <Filter>Math</Filter>
    </ClCompile>
    <ClCompile Include="Math\Quaternion.cpp">
      <Filter>Math</Filter>
    </ClCompile>
    <ClCompile Include="Math\Vector2.cpp">
      <Filter>Math</Filter>
    </ClCompile>
    <ClCompile Include="Math\Vector3.cpp">
      <Filter>Math</Filter>
    </ClCompile>
    <ClCompile Include="Math\Vector4.cpp">
      <Filter>Math</Filter>
    </ClCompile>
    <ClCompile Include="Math\Common.cpp">
      <Filter>Math</Filter>
    </ClCompile>
    <ClCompile Include="Exceptions.cpp" />
    <ClCompile Include="Math.cpp" />
    <ClCompile Include="UriBase.cpp" />
  </ItemGroup>
  <ItemGroup>
    <None Include="Math\README.md">
      <Filter>Math</Filter>
    </None>
  </ItemGroup>
</Project>