
Microsoft Visual Studio Solution File, Format Version 12.00
# Visual Studio Version 16
VisualStudioVersion = 16.0.29215.179
MinimumVisualStudioVersion = 10.0.40219.1
Project("{8BC9CEB8-8B4A-11D0-8D11-00A0C91BC942}") = "NetcodeAssetEditor", "NetcodeAssetEditor\NetcodeAssetEditor.vcxproj", "{16DC0694-3F5D-480C-9ED7-AAE8B06A6300}"
	ProjectSection(ProjectDependencies) = postProject
		{D716A931-9926-48E4-BB55-264A700A3AF4} = {D716A931-9926-48E4-BB55-264A700A3AF4}
		{D968F35A-74B8-4107-853E-3608AE3B4F40} = {D968F35A-74B8-4107-853E-3608AE3B4F40}
		{90CF318B-D8DA-4E22-A8E0-30D42B2B9AB2} = {90CF318B-D8DA-4E22-A8E0-30D42B2B9AB2}
		{160DEAC8-B607-4D90-BFC3-81143E11F90F} = {160DEAC8-B607-4D90-BFC3-81143E11F90F}
	EndProjectSection
EndProject
Project("{8BC9CEB8-8B4A-11D0-8D11-00A0C91BC942}") = "Netcode", "Netcode\Netcode.vcxproj", "{160DEAC8-B607-4D90-BFC3-81143E11F90F}"
	ProjectSection(ProjectDependencies) = postProject
		{D716A931-9926-48E4-BB55-264A700A3AF4} = {D716A931-9926-48E4-BB55-264A700A3AF4}
		{D968F35A-74B8-4107-853E-3608AE3B4F40} = {D968F35A-74B8-4107-853E-3608AE3B4F40}
	EndProjectSection
EndProject
Project("{8BC9CEB8-8B4A-11D0-8D11-00A0C91BC942}") = "NetcodeFoundation", "NetcodeFoundation\NetcodeFoundation.vcxproj", "{D968F35A-74B8-4107-853E-3608AE3B4F40}"
EndProject
Project("{8BC9CEB8-8B4A-11D0-8D11-00A0C91BC942}") = "NetcodeAssetLib", "NetcodeAssetLib\NetcodeAssetLib.vcxproj", "{90CF318B-D8DA-4E22-A8E0-30D42B2B9AB2}"
	ProjectSection(ProjectDependencies) = postProject
		{D968F35A-74B8-4107-853E-3608AE3B4F40} = {D968F35A-74B8-4107-853E-3608AE3B4F40}
		{160DEAC8-B607-4D90-BFC3-81143E11F90F} = {160DEAC8-B607-4D90-BFC3-81143E11F90F}
	EndProjectSection
EndProject
Project("{8BC9CEB8-8B4A-11D0-8D11-00A0C91BC942}") = "NetcodeClient", "NetcodeClient\NetcodeClient.vcxproj", "{54EB8DF4-E47F-4674-B521-02F2F3D55D04}"
	ProjectSection(ProjectDependencies) = postProject
		{D716A931-9926-48E4-BB55-264A700A3AF4} = {D716A931-9926-48E4-BB55-264A700A3AF4}
		{90CF318B-D8DA-4E22-A8E0-30D42B2B9AB2} = {90CF318B-D8DA-4E22-A8E0-30D42B2B9AB2}
		{160DEAC8-B607-4D90-BFC3-81143E11F90F} = {160DEAC8-B607-4D90-BFC3-81143E11F90F}
	EndProjectSection
EndProject
Project("{8BC9CEB8-8B4A-11D0-8D11-00A0C91BC942}") = "NetcodeProtocol", "NetcodeProtocol\NetcodeProtocol.vcxproj", "{D716A931-9926-48E4-BB55-264A700A3AF4}"
EndProject
Project("{8BC9CEB8-8B4A-11D0-8D11-00A0C91BC942}") = "NetcodeAssetCompiler", "NetcodeAssetCompiler\NetcodeAssetCompiler.vcxproj", "{BC2844A8-A868-4E02-9AC4-B2EFA6B5A935}"
	ProjectSection(ProjectDependencies) = postProject
		{90CF318B-D8DA-4E22-A8E0-30D42B2B9AB2} = {90CF318B-D8DA-4E22-A8E0-30D42B2B9AB2}
		{160DEAC8-B607-4D90-BFC3-81143E11F90F} = {160DEAC8-B607-4D90-BFC3-81143E11F90F}
	EndProjectSection
EndProject
Global
	GlobalSection(SolutionConfigurationPlatforms) = preSolution
		Debug|x64 = Debug|x64
		Release|x64 = Release|x64
	EndGlobalSection
	GlobalSection(ProjectConfigurationPlatforms) = postSolution
		{16DC0694-3F5D-480C-9ED7-AAE8B06A6300}.Debug|x64.ActiveCfg = Debug|x64
		{16DC0694-3F5D-480C-9ED7-AAE8B06A6300}.Debug|x64.Build.0 = Debug|x64
		{16DC0694-3F5D-480C-9ED7-AAE8B06A6300}.Debug|x64.Deploy.0 = Debug|x64
		{16DC0694-3F5D-480C-9ED7-AAE8B06A6300}.Release|x64.ActiveCfg = Release|x64
		{16DC0694-3F5D-480C-9ED7-AAE8B06A6300}.Release|x64.Build.0 = Release|x64
		{16DC0694-3F5D-480C-9ED7-AAE8B06A6300}.Release|x64.Deploy.0 = Release|x64
		{160DEAC8-B607-4D90-BFC3-81143E11F90F}.Debug|x64.ActiveCfg = Debug|x64
		{160DEAC8-B607-4D90-BFC3-81143E11F90F}.Debug|x64.Build.0 = Debug|x64
		{160DEAC8-B607-4D90-BFC3-81143E11F90F}.Release|x64.ActiveCfg = Release|x64
		{160DEAC8-B607-4D90-BFC3-81143E11F90F}.Release|x64.Build.0 = Release|x64
		{D968F35A-74B8-4107-853E-3608AE3B4F40}.Debug|x64.ActiveCfg = Debug|x64
		{D968F35A-74B8-4107-853E-3608AE3B4F40}.Debug|x64.Build.0 = Debug|x64
		{D968F35A-74B8-4107-853E-3608AE3B4F40}.Release|x64.ActiveCfg = Release|x64
		{D968F35A-74B8-4107-853E-3608AE3B4F40}.Release|x64.Build.0 = Release|x64
		{90CF318B-D8DA-4E22-A8E0-30D42B2B9AB2}.Debug|x64.ActiveCfg = Debug|x64
		{90CF318B-D8DA-4E22-A8E0-30D42B2B9AB2}.Debug|x64.Build.0 = Debug|x64
		{90CF318B-D8DA-4E22-A8E0-30D42B2B9AB2}.Release|x64.ActiveCfg = Release|x64
		{90CF318B-D8DA-4E22-A8E0-30D42B2B9AB2}.Release|x64.Build.0 = Release|x64
		{54EB8DF4-E47F-4674-B521-02F2F3D55D04}.Debug|x64.ActiveCfg = Debug|x64
		{54EB8DF4-E47F-4674-B521-02F2F3D55D04}.Debug|x64.Build.0 = Debug|x64
		{54EB8DF4-E47F-4674-B521-02F2F3D55D04}.Release|x64.ActiveCfg = Release|x64
		{54EB8DF4-E47F-4674-B521-02F2F3D55D04}.Release|x64.Build.0 = Release|x64
		{D716A931-9926-48E4-BB55-264A700A3AF4}.Debug|x64.ActiveCfg = Debug|x64
		{D716A931-9926-48E4-BB55-264A700A3AF4}.Debug|x64.Build.0 = Debug|x64
		{D716A931-9926-48E4-BB55-264A700A3AF4}.Release|x64.ActiveCfg = Release|x64
		{D716A931-9926-48E4-BB55-264A700A3AF4}.Release|x64.Build.0 = Release|x64
		{BC2844A8-A868-4E02-9AC4-B2EFA6B5A935}.Debug|x64.ActiveCfg = Debug|x64
		{BC2844A8-A868-4E02-9AC4-B2EFA6B5A935}.Debug|x64.Build.0 = Debug|x64
		{BC2844A8-A868-4E02-9AC4-B2EFA6B5A935}.Release|x64.ActiveCfg = Release|x64
		{BC2844A8-A868-4E02-9AC4-B2EFA6B5A935}.Release|x64.Build.0 = Release|x64
	EndGlobalSection
	GlobalSection(SolutionProperties) = preSolution
		HideSolutionNode = FALSE
	EndGlobalSection
	GlobalSection(ExtensibilityGlobals) = postSolution
		SolutionGuid = {16532773-4B5F-4FE5-8837-C935F780926D}
	EndGlobalSection
EndGlobal
