<?xml version="1.0" encoding="utf-8"?>
<Project ToolsVersion="4.0" xmlns="http://schemas.microsoft.com/developer/msbuild/2003">
  <ItemGroup>
    <Filter Include="Shaders">
      <UniqueIdentifier>{f3cf27d1-9fc3-4b06-aa81-70867789ae4a}</UniqueIdentifier>
    </Filter>
    <Filter Include="Camera">
      <UniqueIdentifier>{97d8db53-4b3d-44de-a700-44f93e245cf1}</UniqueIdentifier>
    </Filter>
    <Filter Include="Lua">
      <UniqueIdentifier>{ddad10d9-5d97-4b51-ba70-2e1fb599016c}</UniqueIdentifier>
    </Filter>
    <Filter Include="Scene">
      <UniqueIdentifier>{fbf485cf-845a-4308-971b-5e59637c08dd}</UniqueIdentifier>
    </Filter>
    <Filter Include="Components">
      <UniqueIdentifier>{caa87bb9-a58f-41f2-bf06-0823412d769d}</UniqueIdentifier>
    </Filter>
    <Filter Include="App">
      <UniqueIdentifier>{34632bc3-ab27-44ff-9868-a746b6ec55eb}</UniqueIdentifier>
    </Filter>
    <Filter Include="Graphics">
      <UniqueIdentifier>{6c153833-f01b-4513-a021-dbcaf1d7a1d9}</UniqueIdentifier>
    </Filter>
    <Filter Include="Utility">
      <UniqueIdentifier>{68dabe5a-4e7b-4ed4-92c5-004bbb94bc43}</UniqueIdentifier>
    </Filter>
    <Filter Include="Components\Systems">
      <UniqueIdentifier>{d338157d-799f-4c10-b1aa-f5f8e88c3926}</UniqueIdentifier>
    </Filter>
    <Filter Include="Asset">
      <UniqueIdentifier>{a15afac8-bda1-46db-8b99-9647baa28104}</UniqueIdentifier>
    </Filter>
    <Filter Include="Serialization">
      <UniqueIdentifier>{d6e6d7cf-b81c-4c14-bf1b-5d8deda83c36}</UniqueIdentifier>
    </Filter>
    <Filter Include="Model">
      <UniqueIdentifier>{fd7146c2-f1cd-4dc9-b0af-3660c419d51f}</UniqueIdentifier>
    </Filter>
    <Filter Include="Model\Mesh">
      <UniqueIdentifier>{3975ca39-e5c6-4edb-ad6d-5072b939714f}</UniqueIdentifier>
    </Filter>
    <Filter Include="Model\Material">
      <UniqueIdentifier>{ccf9c152-33c0-40c2-8719-0d1808263e02}</UniqueIdentifier>
    </Filter>
    <Filter Include="Gameplay">
      <UniqueIdentifier>{bffaa71e-00d8-49ff-9929-3cb9b6726e3c}</UniqueIdentifier>
    </Filter>
    <Filter Include="Memory">
      <UniqueIdentifier>{e5730774-81ed-487c-90dc-7e0c274ba856}</UniqueIdentifier>
    </Filter>
    <Filter Include="Graphics\Debug">
      <UniqueIdentifier>{6056ac49-bc8e-480d-a212-d3b0cd479a98}</UniqueIdentifier>
    </Filter>
    <Filter Include="Graphics\Resource">
      <UniqueIdentifier>{558741a0-ed22-4b3c-aeed-1151cf341cb1}</UniqueIdentifier>
    </Filter>
    <Filter Include="Graphics\Internal">
      <UniqueIdentifier>{ea3e0ca0-758c-4346-b62a-50611b58db72}</UniqueIdentifier>
    </Filter>
    <Filter Include="Animation">
      <UniqueIdentifier>{4f83584f-fd50-4e2b-a924-2c48b44efe86}</UniqueIdentifier>
    </Filter>
    <Filter Include="Graphics\Engine">
      <UniqueIdentifier>{5d7e5609-0356-417e-b0eb-d06f408754a6}</UniqueIdentifier>
    </Filter>
    <Filter Include="Graphics\Engine\DX12">
      <UniqueIdentifier>{8a77180a-e90e-470d-8ebc-6be0af8642aa}</UniqueIdentifier>
    </Filter>
  </ItemGroup>
  <ItemGroup>
    <ClInclude Include="Camera\Camera.h">
      <Filter>Camera</Filter>
    </ClInclude>
    <ClInclude Include="LuaScript.h">
      <Filter>Lua</Filter>
    </ClInclude>
    <ClInclude Include="Scene.h">
      <Filter>Scene</Filter>
    </ClInclude>
    <ClInclude Include="LuaApi.h">
      <Filter>Lua</Filter>
    </ClInclude>
    <ClInclude Include="TransformComponent.h">
      <Filter>Components</Filter>
    </ClInclude>
    <ClInclude Include="ScriptComponent.h">
      <Filter>Components</Filter>
    </ClInclude>
    <ClInclude Include="LuaManager.h">
      <Filter>Lua</Filter>
    </ClInclude>
    <ClInclude Include="Path.h">
      <Filter>Utility</Filter>
    </ClInclude>
    <ClInclude Include="ProgramArgs.h">
      <Filter>Utility</Filter>
    </ClInclude>
    <ClInclude Include="GameObject.h">
      <Filter>Scene</Filter>
    </ClInclude>
    <ClInclude Include="Components.h">
      <Filter>Components</Filter>
    </ClInclude>
    <ClInclude Include="LuaScriptFile.h">
      <Filter>Lua</Filter>
    </ClInclude>
    <ClInclude Include="Stopwatch.h">
      <Filter>Utility</Filter>
    </ClInclude>
    <ClInclude Include="App.h">
      <Filter>App</Filter>
    </ClInclude>
    <ClInclude Include="SimpleApp.h">
      <Filter>App</Filter>
    </ClInclude>
    <ClInclude Include="ConstantBuffer.hpp">
      <Filter>Graphics</Filter>
    </ClInclude>
    <ClInclude Include="PhysxComponent.h">
      <Filter>Components</Filter>
    </ClInclude>
    <ClInclude Include="Utility.h">
      <Filter>Utility</Filter>
    </ClInclude>
    <ClInclude Include="Common.h">
      <Filter>App</Filter>
    </ClInclude>
    <ClInclude Include="d3dx12.h">
      <Filter>App</Filter>
    </ClInclude>
    <ClInclude Include="EggMpl.hpp">
      <Filter>App</Filter>
    </ClInclude>
    <ClInclude Include="PhysxSystem.h">
      <Filter>Components\Systems</Filter>
    </ClInclude>
    <ClInclude Include="RenderSystem.h">
      <Filter>Components\Systems</Filter>
    </ClInclude>
    <ClInclude Include="Signature.h">
      <Filter>Components</Filter>
    </ClInclude>
    <ClInclude Include="Vertex.h">
      <Filter>Asset</Filter>
    </ClInclude>
    <ClInclude Include="File.h">
      <Filter>Utility</Filter>
    </ClInclude>
    <ClInclude Include="Asset\Mesh.h">
      <Filter>Asset</Filter>
    </ClInclude>
    <ClInclude Include="Asset\Model.h">
      <Filter>Asset</Filter>
    </ClInclude>
    <ClInclude Include="Asset\Animation.h">
      <Filter>Asset</Filter>
    </ClInclude>
    <ClInclude Include="Asset\Bone.h">
      <Filter>Asset</Filter>
    </ClInclude>
    <ClInclude Include="Importer.h">
      <Filter>Serialization</Filter>
    </ClInclude>
    <ClInclude Include="Exporter.h">
      <Filter>Serialization</Filter>
    </ClInclude>
    <ClInclude Include="Asset\Material.h">
      <Filter>Asset</Filter>
    </ClInclude>
    <ClInclude Include="Material.h">
      <Filter>Model\Material</Filter>
    </ClInclude>
    <ClInclude Include="Blackboard.h">
      <Filter>Animation</Filter>
    </ClInclude>
    <ClInclude Include="AnimationComponent.h">
      <Filter>Components</Filter>
    </ClInclude>
    <ClInclude Include="BasicGeometry.h">
      <Filter>Model\Mesh</Filter>
    </ClInclude>
    <ClInclude Include="EggMath.h" />
    <ClInclude Include="Input.h">
      <Filter>Gameplay</Filter>
    </ClInclude>
    <ClInclude Include="Allocation.h">
      <Filter>Memory</Filter>
    </ClInclude>
    <ClInclude Include="ConstantBufferTypes.h">
      <Filter>Graphics</Filter>
    </ClInclude>
    <ClInclude Include="Light.h">
      <Filter>Graphics</Filter>
    </ClInclude>
    <ClInclude Include="DebugPhysx.h">
      <Filter>Graphics\Debug</Filter>
    </ClInclude>
    <ClInclude Include="DebugPhysxActor.h">
      <Filter>Graphics\Debug</Filter>
    </ClInclude>
    <ClInclude Include="DebugPhysxRaycast.h">
      <Filter>Graphics\Debug</Filter>
    </ClInclude>
    <ClInclude Include="Resource.h">
      <Filter>Graphics\Resource</Filter>
    </ClInclude>
    <ClInclude Include="CommittedTexture2D.h">
      <Filter>Graphics\Resource</Filter>
    </ClInclude>
    <ClInclude Include="CommittedVBuffer.h">
      <Filter>Graphics\Resource</Filter>
    </ClInclude>
    <ClInclude Include="CommittedIBuffer.h">
      <Filter>Graphics\Resource</Filter>
    </ClInclude>
    <ClInclude Include="ResourceManager.h">
      <Filter>Graphics</Filter>
    </ClInclude>
    <ClInclude Include="ShaderCodeCollection.h">
      <Filter>Graphics\Internal</Filter>
    </ClInclude>
    <ClInclude Include="RootSignatureLibrary.h">
      <Filter>Graphics\Internal</Filter>
    </ClInclude>
    <ClInclude Include="RootSignatureDesc.h">
      <Filter>Graphics\Internal</Filter>
    </ClInclude>
    <ClInclude Include="Mesh.h">
      <Filter>Model\Mesh</Filter>
    </ClInclude>
    <ClInclude Include="PreprocessorDefinitions.h">
      <Filter>Graphics\Internal</Filter>
    </ClInclude>
    <ClInclude Include="GeometryLibrary.h">
      <Filter>Graphics\Internal</Filter>
    </ClInclude>
    <ClInclude Include="GPSOLibrary.h">
      <Filter>Graphics\Internal</Filter>
    </ClInclude>
    <ClInclude Include="Multi.h">
      <Filter>Model\Mesh</Filter>
    </ClInclude>
    <ClInclude Include="Geometry.h">
      <Filter>Graphics</Filter>
    </ClInclude>
    <ClInclude Include="ShaderCodeLibrary.h">
      <Filter>Graphics\Internal</Filter>
    </ClInclude>
    <ClInclude Include="ResourceAllocator.h">
      <Filter>Graphics\Internal</Filter>
    </ClInclude>
    <ClInclude Include="TextureLibrary.h">
      <Filter>Graphics\Internal</Filter>
    </ClInclude>
    <ClInclude Include="InputLayout.h">
      <Filter>Graphics</Filter>
    </ClInclude>
    <ClInclude Include="AnimationState.h">
      <Filter>Animation</Filter>
    </ClInclude>
    <ClInclude Include="Transition.h">
      <Filter>Animation</Filter>
    </ClInclude>
    <ClInclude Include="MovementController.h">
      <Filter>Gameplay</Filter>
    </ClInclude>
    <ClInclude Include="AnimationBlender.h">
      <Filter>Animation</Filter>
    </ClInclude>
    <ClInclude Include="LinearClassifier.h">
      <Filter>Memory</Filter>
    </ClInclude>
    <ClInclude Include="DX12RenderItem.h">
      <Filter>Graphics\Engine\DX12</Filter>
    </ClInclude>
    <ClInclude Include="DX12Engine.h">
      <Filter>Graphics\Engine\DX12</Filter>
    </ClInclude>
    <ClInclude Include="IEngine.h">
      <Filter>Graphics\Engine</Filter>
    </ClInclude>
    <ClInclude Include="DX12RenderItemAllocator.h">
      <Filter>Graphics\Engine\DX12</Filter>
    </ClInclude>
  </ItemGroup>
  <ItemGroup>
    <ClCompile Include="Path.cpp">
      <Filter>Utility</Filter>
    </ClCompile>
    <ClCompile Include="LuaApi.cpp">
      <Filter>Lua</Filter>
    </ClCompile>
    <ClCompile Include="Stopwatch.cpp">
      <Filter>Utility</Filter>
    </ClCompile>
    <ClCompile Include="GameObject.cpp">
      <Filter>Scene</Filter>
    </ClCompile>
    <ClCompile Include="Scene.cpp">
      <Filter>Scene</Filter>
    </ClCompile>
    <ClCompile Include="Utility.cpp">
      <Filter>Utility</Filter>
    </ClCompile>
    <ClCompile Include="Internal.cpp">
      <Filter>App</Filter>
    </ClCompile>
    <ClCompile Include="PhysxSystem.cpp">
      <Filter>Components\Systems</Filter>
    </ClCompile>
    <ClCompile Include="Exporter.cpp">
      <Filter>Serialization</Filter>
    </ClCompile>
    <ClCompile Include="Importer.cpp">
      <Filter>Serialization</Filter>
    </ClCompile>
    <ClCompile Include="EggMath.cpp" />
    <ClCompile Include="BasicGeometry.cpp">
      <Filter>Model\Mesh</Filter>
    </ClCompile>
    <ClCompile Include="Material.cpp">
      <Filter>Model\Material</Filter>
    </ClCompile>
    <ClCompile Include="Input.cpp">
      <Filter>Gameplay</Filter>
    </ClCompile>
    <ClCompile Include="Allocation.cpp">
      <Filter>Memory</Filter>
    </ClCompile>
    <ClCompile Include="DebugPhysx.cpp">
      <Filter>Graphics\Debug</Filter>
    </ClCompile>
    <ClCompile Include="DebugPhysxActor.cpp">
      <Filter>Graphics\Debug</Filter>
    </ClCompile>
    <ClCompile Include="ConstantBufferTypes.cpp">
      <Filter>Graphics</Filter>
    </ClCompile>
    <ClCompile Include="CommittedTexture2D.cpp">
      <Filter>Graphics\Resource</Filter>
    </ClCompile>
    <ClCompile Include="CommittedVBuffer.cpp">
      <Filter>Graphics\Resource</Filter>
    </ClCompile>
    <ClCompile Include="CommittedIBuffer.cpp">
      <Filter>Graphics\Resource</Filter>
    </ClCompile>
    <ClCompile Include="Blackboard.cpp">
      <Filter>Animation</Filter>
    </ClCompile>
    <ClCompile Include="AnimationState.cpp">
      <Filter>Animation</Filter>
    </ClCompile>
    <ClCompile Include="Transition.cpp">
      <Filter>Animation</Filter>
    </ClCompile>
    <ClCompile Include="AnimationBlender.cpp">
      <Filter>Animation</Filter>
    </ClCompile>
    <ClCompile Include="LinearClassifier.cpp">
      <Filter>Memory</Filter>
    </ClCompile>
  </ItemGroup>
  <ItemGroup>
    <FxCompile Include="Shaders\DefaultPS.hlsl">
      <Filter>Shaders</Filter>
    </FxCompile>
    <FxCompile Include="Shaders\DefaultVS.hlsl">
      <Filter>Shaders</Filter>
    </FxCompile>
    <FxCompile Include="Shaders\cbBasicVS.hlsl">
      <Filter>Shaders</Filter>
    </FxCompile>
    <FxCompile Include="Shaders\AvatarPS.hlsl">
      <Filter>Shaders</Filter>
    </FxCompile>
    <FxCompile Include="Shaders\AvatarVS.hlsl">
      <Filter>Shaders</Filter>
    </FxCompile>
    <FxCompile Include="Shaders\DebugPhysxVS.hlsl">
      <Filter>Shaders</Filter>
    </FxCompile>
    <FxCompile Include="Shaders\DebugPhysxPS.hlsl">
      <Filter>Shaders</Filter>
    </FxCompile>
    <FxCompile Include="Shaders\DebugPhysxRayVS.hlsl">
      <Filter>Shaders</Filter>
    </FxCompile>
  </ItemGroup>
  <ItemGroup>
    <Text Include="Shaders\RootSignatures.hlsli">
      <Filter>Shaders</Filter>
    </Text>
  </ItemGroup>
  <ItemGroup>
    <Natvis Include="Egg.natvis" />
  </ItemGroup>
  <ItemGroup>
    <None Include="cpp.hint" />
    <None Include="Shaders\Lighting.hlsli">
      <Filter>Shaders</Filter>
    </None>
    <None Include="EggShaderLib.hlsli">
      <Filter>Shaders</Filter>
    </None>
  </ItemGroup>
</Project>