<?xml version="1.0" encoding="utf-8"?>
<Project ToolsVersion="4.0" xmlns="http://schemas.microsoft.com/developer/msbuild/2003">
  <ItemGroup>
    <Filter Include="Shaders">
      <UniqueIdentifier>{f3cf27d1-9fc3-4b06-aa81-70867789ae4a}</UniqueIdentifier>
    </Filter>
    <Filter Include="Lua">
      <UniqueIdentifier>{ddad10d9-5d97-4b51-ba70-2e1fb599016c}</UniqueIdentifier>
    </Filter>
    <Filter Include="App">
      <UniqueIdentifier>{34632bc3-ab27-44ff-9868-a746b6ec55eb}</UniqueIdentifier>
    </Filter>
    <Filter Include="Graphics">
      <UniqueIdentifier>{6c153833-f01b-4513-a021-dbcaf1d7a1d9}</UniqueIdentifier>
    </Filter>
    <Filter Include="Utility">
      <UniqueIdentifier>{68dabe5a-4e7b-4ed4-92c5-004bbb94bc43}</UniqueIdentifier>
    </Filter>
    <Filter Include="Asset">
      <UniqueIdentifier>{a15afac8-bda1-46db-8b99-9647baa28104}</UniqueIdentifier>
    </Filter>
    <Filter Include="Serialization">
      <UniqueIdentifier>{d6e6d7cf-b81c-4c14-bf1b-5d8deda83c36}</UniqueIdentifier>
    </Filter>
    <Filter Include="Gameplay">
      <UniqueIdentifier>{bffaa71e-00d8-49ff-9929-3cb9b6726e3c}</UniqueIdentifier>
    </Filter>
    <Filter Include="Modules">
      <UniqueIdentifier>{59179e73-a4f5-4f87-a328-302aca6b8489}</UniqueIdentifier>
    </Filter>
    <Filter Include="Modules\Factory">
      <UniqueIdentifier>{d0354fd9-37ad-4b4a-b885-70a61b3a5dff}</UniqueIdentifier>
    </Filter>
    <Filter Include="Legacy">
      <UniqueIdentifier>{900505d3-a104-4bb4-8051-40866877e62b}</UniqueIdentifier>
    </Filter>
    <Filter Include="Physics">
      <UniqueIdentifier>{732f7154-1187-46a0-abeb-894bb40d8b35}</UniqueIdentifier>
    </Filter>
    <Filter Include="Animation">
      <UniqueIdentifier>{178c3ddd-4157-47b1-aab2-cf7dd2837100}</UniqueIdentifier>
    </Filter>
    <Filter Include="Window">
      <UniqueIdentifier>{171c8312-e5b1-4ddb-b0d7-6bda52ce25bc}</UniqueIdentifier>
    </Filter>
    <Filter Include="Graphics\DX12">
      <UniqueIdentifier>{8a77180a-e90e-470d-8ebc-6be0af8642aa}</UniqueIdentifier>
    </Filter>
    <Filter Include="Graphics\DX12\Resource">
      <UniqueIdentifier>{558741a0-ed22-4b3c-aeed-1151cf341cb1}</UniqueIdentifier>
    </Filter>
    <Filter Include="Importer">
      <UniqueIdentifier>{1c55db00-4ff5-4584-8ef7-34dc8b781fb8}</UniqueIdentifier>
    </Filter>
  </ItemGroup>
  <ItemGroup>
    <ClInclude Include="LuaScript.h">
      <Filter>Lua</Filter>
    </ClInclude>
    <ClInclude Include="LuaApi.h">
      <Filter>Lua</Filter>
    </ClInclude>
    <ClInclude Include="LuaManager.h">
      <Filter>Lua</Filter>
    </ClInclude>
    <ClInclude Include="Path.h">
      <Filter>Utility</Filter>
    </ClInclude>
    <ClInclude Include="ProgramArgs.h">
      <Filter>Utility</Filter>
    </ClInclude>
    <ClInclude Include="LuaScriptFile.h">
      <Filter>Lua</Filter>
    </ClInclude>
    <ClInclude Include="Stopwatch.h">
      <Filter>Utility</Filter>
    </ClInclude>
    <ClInclude Include="Utility.h">
      <Filter>Utility</Filter>
    </ClInclude>
    <ClInclude Include="Common.h">
      <Filter>App</Filter>
    </ClInclude>
    <ClInclude Include="EggMpl.hpp">
      <Filter>App</Filter>
    </ClInclude>
    <ClInclude Include="Vertex.h">
      <Filter>Asset</Filter>
    </ClInclude>
    <ClInclude Include="File.h">
      <Filter>Utility</Filter>
    </ClInclude>
    <ClInclude Include="Asset\Mesh.h">
      <Filter>Asset</Filter>
    </ClInclude>
    <ClInclude Include="Asset\Model.h">
      <Filter>Asset</Filter>
    </ClInclude>
    <ClInclude Include="Asset\Animation.h">
      <Filter>Asset</Filter>
    </ClInclude>
    <ClInclude Include="Asset\Bone.h">
      <Filter>Asset</Filter>
    </ClInclude>
    <ClInclude Include="Exporter.h">
      <Filter>Serialization</Filter>
    </ClInclude>
    <ClInclude Include="Asset\Material.h">
      <Filter>Asset</Filter>
    </ClInclude>
    <ClInclude Include="EggMath.h" />
    <ClInclude Include="Input.h">
      <Filter>Gameplay</Filter>
    </ClInclude>
    <ClInclude Include="MovementController.h">
      <Filter>Gameplay</Filter>
    </ClInclude>
    <ClInclude Include="BinaryReader.h">
      <Filter>Serialization</Filter>
    </ClInclude>
    <ClInclude Include="DefaultModuleFactory.h">
      <Filter>Modules\Factory</Filter>
    </ClInclude>
    <ClInclude Include="WinapiWindowModule.h">
      <Filter>Window</Filter>
    </ClInclude>
    <ClInclude Include="DX12GraphicsModule.h">
      <Filter>Graphics\DX12</Filter>
    </ClInclude>
    <ClInclude Include="HandleTypes.h">
      <Filter>Modules</Filter>
    </ClInclude>
    <ClInclude Include="DX12ShaderCompiler.h">
      <Filter>Graphics\DX12</Filter>
    </ClInclude>
    <ClInclude Include="DX12ShaderVariant.h">
      <Filter>Graphics\DX12</Filter>
    </ClInclude>
    <ClInclude Include="DX12ShaderSourceLibrary.h">
      <Filter>Graphics\DX12</Filter>
    </ClInclude>
    <ClInclude Include="Modules.h">
      <Filter>Modules</Filter>
    </ClInclude>
    <ClInclude Include="DX12CommittedIBuffer.h">
      <Filter>Graphics\DX12\Resource</Filter>
    </ClInclude>
    <ClInclude Include="DX12CommittedTexture2D.h">
      <Filter>Graphics\DX12\Resource</Filter>
    </ClInclude>
    <ClInclude Include="DX12CommittedVBuffer.h">
      <Filter>Graphics\DX12\Resource</Filter>
    </ClInclude>
    <ClInclude Include="DX12PlacedIBuffer.h">
      <Filter>Graphics\DX12\Resource</Filter>
    </ClInclude>
    <ClInclude Include="DX12PlacedVBuffer.h">
      <Filter>Graphics\DX12\Resource</Filter>
    </ClInclude>
    <ClInclude Include="DX12Resource.h">
      <Filter>Graphics\DX12\Resource</Filter>
    </ClInclude>
    <ClInclude Include="DX12ResourceUploadBatch.h">
      <Filter>Graphics\DX12\Resource</Filter>
    </ClInclude>
    <ClInclude Include="Importer.h">
      <Filter>Legacy</Filter>
    </ClInclude>
    <ClInclude Include="LinearClassifier.h">
      <Filter>Legacy</Filter>
    </ClInclude>
    <ClInclude Include="DebugPhysx.h">
      <Filter>Legacy</Filter>
    </ClInclude>
    <ClInclude Include="DebugPhysxActor.h">
      <Filter>Legacy</Filter>
    </ClInclude>
    <ClInclude Include="DebugPhysxRaycast.h">
      <Filter>Legacy</Filter>
    </ClInclude>
    <ClInclude Include="MemoryFunctions.h">
      <Filter>Utility</Filter>
    </ClInclude>
    <ClInclude Include="PhysxModule.h">
      <Filter>Physics</Filter>
    </ClInclude>
    <ClInclude Include="DX12Common.h">
      <Filter>Graphics\DX12</Filter>
    </ClInclude>
    <ClInclude Include="ModulesConfig.h">
      <Filter>Modules</Filter>
    </ClInclude>
    <ClInclude Include="Logger.h">
      <Filter>App</Filter>
    </ClInclude>
    <ClInclude Include="DX12SpriteFontLibrary.h">
      <Filter>Graphics\DX12</Filter>
    </ClInclude>
    <ClInclude Include="DX12SpriteBatch.h">
      <Filter>Graphics\DX12</Filter>
    </ClInclude>
    <ClInclude Include="DX12SpriteFont.h">
      <Filter>Graphics\DX12</Filter>
    </ClInclude>
    <ClInclude Include="DX12Fence.h">
      <Filter>Graphics\DX12</Filter>
    </ClInclude>
    <ClInclude Include="Transition.h">
      <Filter>Animation</Filter>
    </ClInclude>
    <ClInclude Include="Blackboard.h">
      <Filter>Animation</Filter>
    </ClInclude>
    <ClInclude Include="AnimationState.h">
      <Filter>Animation</Filter>
    </ClInclude>
    <ClInclude Include="AnimationBlender.h">
      <Filter>Animation</Filter>
    </ClInclude>
    <ClInclude Include="BasicGeometry.h">
      <Filter>Utility</Filter>
    </ClInclude>
    <ClInclude Include="FrameGraph.h">
      <Filter>Graphics</Filter>
    </ClInclude>
    <ClInclude Include="GraphicsContexts.h">
      <Filter>Modules</Filter>
    </ClInclude>
    <ClInclude Include="UploadBatch.h">
      <Filter>Graphics</Filter>
    </ClInclude>
    <ClInclude Include="DX12ResourcePool.h">
      <Filter>Graphics\DX12</Filter>
    </ClInclude>
    <ClInclude Include="DX12ResourceDesc.h">
      <Filter>Graphics\DX12</Filter>
    </ClInclude>
    <ClInclude Include="ResourceEnums.h">
      <Filter>Graphics</Filter>
    </ClInclude>
    <ClInclude Include="DX12PipelineContext.h">
      <Filter>Graphics\DX12</Filter>
    </ClInclude>
    <ClInclude Include="DX12GeometryContext.h">
      <Filter>Graphics\DX12</Filter>
    </ClInclude>
    <ClInclude Include="WinImporterModule.h">
      <Filter>Importer</Filter>
    </ClInclude>
    <ClInclude Include="FancyIterators.hpp">
      <Filter>Utility</Filter>
    </ClInclude>
    <ClInclude Include="DX12RenderContext.h">
      <Filter>Graphics\DX12</Filter>
    </ClInclude>
    <ClInclude Include="ResourceDesc.h">
      <Filter>Graphics</Filter>
    </ClInclude>
    <ClInclude Include="DX12HeapCollection.h">
      <Filter>Graphics\DX12</Filter>
    </ClInclude>
    <ClInclude Include="DX12ConstantBufferPool.h">
      <Filter>Graphics\DX12</Filter>
    </ClInclude>
    <ClInclude Include="Shader.h">
      <Filter>Graphics</Filter>
    </ClInclude>
    <ClInclude Include="DX12ShaderCompiled.h">
      <Filter>Graphics\DX12</Filter>
    </ClInclude>
    <ClInclude Include="DX12ShaderContext.h">
      <Filter>Graphics\DX12</Filter>
    </ClInclude>
    <ClInclude Include="Formats.h">
      <Filter>App</Filter>
    </ClInclude>
    <ClInclude Include="Platform.h">
      <Filter>App</Filter>
    </ClInclude>
    <ClInclude Include="Sal.h">
      <Filter>App</Filter>
    </ClInclude>
    <ClInclude Include="d3dx12.h">
      <Filter>Graphics\DX12</Filter>
    </ClInclude>
    <ClInclude Include="DX12ResourceContext.h">
      <Filter>Graphics\DX12</Filter>
    </ClInclude>
  </ItemGroup>
  <ItemGroup>
    <ClCompile Include="Path.cpp">
      <Filter>Utility</Filter>
    </ClCompile>
    <ClCompile Include="LuaApi.cpp">
      <Filter>Lua</Filter>
    </ClCompile>
    <ClCompile Include="Stopwatch.cpp">
      <Filter>Utility</Filter>
    </ClCompile>
    <ClCompile Include="Utility.cpp">
      <Filter>Utility</Filter>
    </ClCompile>
    <ClCompile Include="Exporter.cpp">
      <Filter>Serialization</Filter>
    </ClCompile>
    <ClCompile Include="EggMath.cpp" />
    <ClCompile Include="Input.cpp">
      <Filter>Gameplay</Filter>
    </ClCompile>
    <ClCompile Include="BinaryReader.cpp">
      <Filter>Serialization</Filter>
    </ClCompile>
    <ClCompile Include="DefaultModuleFactory.cpp">
      <Filter>Modules\Factory</Filter>
    </ClCompile>
    <ClCompile Include="WinapiWindowModule.cpp">
      <Filter>Window</Filter>
    </ClCompile>
    <ClCompile Include="DX12GraphicsModule.cpp">
      <Filter>Graphics\DX12</Filter>
    </ClCompile>
    <ClCompile Include="Modules.cpp">
      <Filter>Modules</Filter>
    </ClCompile>
    <ClCompile Include="DX12CommittedIBuffer.cpp">
      <Filter>Graphics\DX12\Resource</Filter>
    </ClCompile>
    <ClCompile Include="DX12CommittedTexture2D.cpp">
      <Filter>Graphics\DX12\Resource</Filter>
    </ClCompile>
    <ClCompile Include="DX12CommittedVBuffer.cpp">
      <Filter>Graphics\DX12\Resource</Filter>
    </ClCompile>
    <ClCompile Include="Importer.cpp">
      <Filter>Legacy</Filter>
    </ClCompile>
    <ClCompile Include="LinearClassifier.cpp">
      <Filter>Legacy</Filter>
    </ClCompile>
    <ClCompile Include="DebugPhysx.cpp">
      <Filter>Legacy</Filter>
    </ClCompile>
    <ClCompile Include="DebugPhysxActor.cpp">
      <Filter>Legacy</Filter>
    </ClCompile>
    <ClCompile Include="MemoryFunctions.cpp">
      <Filter>Utility</Filter>
    </ClCompile>
    <ClCompile Include="PhysxModule.cpp">
      <Filter>Physics</Filter>
    </ClCompile>
    <ClCompile Include="DX12Common.cpp">
      <Filter>Graphics\DX12</Filter>
    </ClCompile>
    <ClCompile Include="Common.cpp">
      <Filter>App</Filter>
    </ClCompile>
    <ClCompile Include="Logger.cpp">
      <Filter>App</Filter>
    </ClCompile>
    <ClCompile Include="DX12ResourceUploadBatch.cpp">
      <Filter>Graphics\DX12\Resource</Filter>
    </ClCompile>
    <ClCompile Include="DX12SpriteBatch.cpp">
      <Filter>Graphics\DX12</Filter>
    </ClCompile>
    <ClCompile Include="DX12SpriteFont.cpp">
      <Filter>Graphics\DX12</Filter>
    </ClCompile>
    <ClCompile Include="Transition.cpp">
      <Filter>Animation</Filter>
    </ClCompile>
    <ClCompile Include="Blackboard.cpp">
      <Filter>Animation</Filter>
    </ClCompile>
    <ClCompile Include="AnimationState.cpp">
      <Filter>Animation</Filter>
    </ClCompile>
    <ClCompile Include="AnimationBlender.cpp">
      <Filter>Animation</Filter>
    </ClCompile>
    <ClCompile Include="BasicGeometry.cpp">
      <Filter>Utility</Filter>
    </ClCompile>
    <ClCompile Include="DX12ShaderCompiler.cpp">
      <Filter>Graphics\DX12</Filter>
    </ClCompile>
    <ClCompile Include="WinImporterModule.cpp">
      <Filter>Importer</Filter>
    </ClCompile>
    <ClCompile Include="DX12ShaderVariant.cpp">
      <Filter>Graphics\DX12</Filter>
    </ClCompile>
    <ClCompile Include="DX12ShaderCompiled.cpp">
      <Filter>Graphics\DX12</Filter>
    </ClCompile>
    <ClCompile Include="DX12ShaderContext.cpp">
      <Filter>Graphics\DX12</Filter>
    </ClCompile>
    <ClCompile Include="UploadBatch.cpp">
      <Filter>Graphics\DX12</Filter>
    </ClCompile>
    <ClCompile Include="DX12ResourceDesc.cpp">
      <Filter>Graphics\DX12</Filter>
    </ClCompile>
    <ClCompile Include="DX12ResourceContext.cpp">
      <Filter>Graphics\DX12</Filter>
    </ClCompile>
    <ClCompile Include="DX12ResourcePool.cpp" />
  </ItemGroup>
  <ItemGroup>
    <FxCompile Include="Shaders\DefaultPS.hlsl">
      <Filter>Shaders</Filter>
    </FxCompile>
    <FxCompile Include="Shaders\DefaultVS.hlsl">
      <Filter>Shaders</Filter>
    </FxCompile>
    <FxCompile Include="Shaders\cbBasicVS.hlsl">
      <Filter>Shaders</Filter>
    </FxCompile>
    <FxCompile Include="Shaders\AvatarPS.hlsl">
      <Filter>Shaders</Filter>
    </FxCompile>
    <FxCompile Include="Shaders\AvatarVS.hlsl">
      <Filter>Shaders</Filter>
    </FxCompile>
    <FxCompile Include="Shaders\DebugPhysxVS.hlsl">
      <Filter>Shaders</Filter>
    </FxCompile>
    <FxCompile Include="Shaders\DebugPhysxPS.hlsl">
      <Filter>Shaders</Filter>
    </FxCompile>
    <FxCompile Include="Shaders\DebugPhysxRayVS.hlsl">
      <Filter>Shaders</Filter>
    </FxCompile>
  </ItemGroup>
  <ItemGroup>
    <Text Include="Shaders\RootSignatures.hlsli">
      <Filter>Shaders</Filter>
    </Text>
  </ItemGroup>
  <ItemGroup>
    <Natvis Include="Egg.natvis" />
  </ItemGroup>
  <ItemGroup>
    <None Include="cpp.hint" />
    <None Include="Shaders\Lighting.hlsli">
      <Filter>Shaders</Filter>
    </None>
  </ItemGroup>
  <ItemGroup>
    <CustomBuild Include="Shaders\SpriteFont.hlsl">
      <Filter>Shaders</Filter>
    </CustomBuild>
    <CustomBuild Include="Shaders\EggShaderLib.hlsli">
      <Filter>Shaders</Filter>
    </CustomBuild>
  </ItemGroup>
</Project>