<?xml version="1.0" encoding="utf-8"?>
<Project ToolsVersion="4.0" xmlns="http://schemas.microsoft.com/developer/msbuild/2003">
  <ItemGroup>
    <Filter Include="Shaders">
      <UniqueIdentifier>{f3cf27d1-9fc3-4b06-aa81-70867789ae4a}</UniqueIdentifier>
    </Filter>
    <Filter Include="Graphics">
      <UniqueIdentifier>{6c153833-f01b-4513-a021-dbcaf1d7a1d9}</UniqueIdentifier>
    </Filter>
    <Filter Include="Utility">
      <UniqueIdentifier>{68dabe5a-4e7b-4ed4-92c5-004bbb94bc43}</UniqueIdentifier>
    </Filter>
    <Filter Include="Asset">
      <UniqueIdentifier>{a15afac8-bda1-46db-8b99-9647baa28104}</UniqueIdentifier>
    </Filter>
    <Filter Include="Gameplay">
      <UniqueIdentifier>{bffaa71e-00d8-49ff-9929-3cb9b6726e3c}</UniqueIdentifier>
    </Filter>
    <Filter Include="Modules">
      <UniqueIdentifier>{59179e73-a4f5-4f87-a328-302aca6b8489}</UniqueIdentifier>
    </Filter>
    <Filter Include="Modules\Factory">
      <UniqueIdentifier>{d0354fd9-37ad-4b4a-b885-70a61b3a5dff}</UniqueIdentifier>
    </Filter>
    <Filter Include="Legacy">
      <UniqueIdentifier>{900505d3-a104-4bb4-8051-40866877e62b}</UniqueIdentifier>
    </Filter>
    <Filter Include="Physics">
      <UniqueIdentifier>{732f7154-1187-46a0-abeb-894bb40d8b35}</UniqueIdentifier>
    </Filter>
    <Filter Include="Animation">
      <UniqueIdentifier>{178c3ddd-4157-47b1-aab2-cf7dd2837100}</UniqueIdentifier>
    </Filter>
    <Filter Include="Window">
      <UniqueIdentifier>{171c8312-e5b1-4ddb-b0d7-6bda52ce25bc}</UniqueIdentifier>
    </Filter>
    <Filter Include="Graphics\DX12">
      <UniqueIdentifier>{8a77180a-e90e-470d-8ebc-6be0af8642aa}</UniqueIdentifier>
    </Filter>
    <Filter Include="Common">
      <UniqueIdentifier>{11ae1425-b474-4d87-82d0-bb06b424669f}</UniqueIdentifier>
    </Filter>
    <Filter Include="Network">
      <UniqueIdentifier>{4418faf0-e5a2-46c3-bffc-eebeb16298fb}</UniqueIdentifier>
    </Filter>
    <Filter Include="IO">
      <UniqueIdentifier>{882c0f23-197a-4872-a3db-275fc2784287}</UniqueIdentifier>
    </Filter>
    <Filter Include="UI">
      <UniqueIdentifier>{3749cdf8-e962-44ed-b50c-12933aac2438}</UniqueIdentifier>
    </Filter>
    <Filter Include="URI">
      <UniqueIdentifier>{960786f3-9ccd-48f3-b7ab-16e748de5e1b}</UniqueIdentifier>
    </Filter>
    <Filter Include="Input">
      <UniqueIdentifier>{d3a57763-4a67-473a-b6f8-d90249415846}</UniqueIdentifier>
    </Filter>
    <Filter Include="System">
      <UniqueIdentifier>{27cda512-6b09-48b5-89fb-e1ad004b7f4f}</UniqueIdentifier>
    </Filter>
  </ItemGroup>
  <ItemGroup>
    <ClInclude Include="ProgramArgs.h">
      <Filter>Utility</Filter>
    </ClInclude>
    <ClInclude Include="Stopwatch.h">
      <Filter>Utility</Filter>
    </ClInclude>
    <ClInclude Include="Utility.h">
      <Filter>Utility</Filter>
    </ClInclude>
    <ClInclude Include="Vertex.h">
      <Filter>Asset</Filter>
    </ClInclude>
    <ClInclude Include="File.h">
      <Filter>Utility</Filter>
    </ClInclude>
    <ClInclude Include="Input.h">
      <Filter>Gameplay</Filter>
    </ClInclude>
    <ClInclude Include="MovementController.h">
      <Filter>Gameplay</Filter>
    </ClInclude>
    <ClInclude Include="DefaultModuleFactory.h">
      <Filter>Modules\Factory</Filter>
    </ClInclude>
    <ClInclude Include="WinapiWindowModule.h">
      <Filter>Window</Filter>
    </ClInclude>
    <ClInclude Include="HandleTypes.h">
      <Filter>Modules</Filter>
    </ClInclude>
    <ClInclude Include="Modules.h">
      <Filter>Modules</Filter>
    </ClInclude>
    <ClInclude Include="LinearClassifier.h">
      <Filter>Legacy</Filter>
    </ClInclude>
    <ClInclude Include="DebugPhysx.h">
      <Filter>Legacy</Filter>
    </ClInclude>
    <ClInclude Include="DebugPhysxActor.h">
      <Filter>Legacy</Filter>
    </ClInclude>
    <ClInclude Include="DebugPhysxRaycast.h">
      <Filter>Legacy</Filter>
    </ClInclude>
    <ClInclude Include="ModulesConfig.h">
      <Filter>Modules</Filter>
    </ClInclude>
    <ClInclude Include="BasicGeometry.h">
      <Filter>Utility</Filter>
    </ClInclude>
    <ClInclude Include="FancyIterators.hpp">
      <Filter>Utility</Filter>
    </ClInclude>
    <ClInclude Include="Common.h">
      <Filter>Common</Filter>
    </ClInclude>
    <ClInclude Include="NetcodeMpl.hpp">
      <Filter>Common</Filter>
    </ClInclude>
    <ClInclude Include="Logger.h">
      <Filter>Common</Filter>
    </ClInclude>
    <ClInclude Include="Service.hpp">
      <Filter>Modules</Filter>
    </ClInclude>
    <ClInclude Include="BulkAllocator.hpp">
      <Filter>Common</Filter>
    </ClInclude>
    <ClInclude Include="BulkVector.hpp">
      <Filter>Common</Filter>
    </ClInclude>
    <ClInclude Include="PhysXWrapper.h">
      <Filter>Physics</Filter>
    </ClInclude>
    <ClInclude Include="Event.hpp">
      <Filter>Common</Filter>
    </ClInclude>
    <ClInclude Include="LinearAllocator.h">
      <Filter>Common</Filter>
    </ClInclude>
    <ClInclude Include="DestructiveCopyConstructible.hpp">
      <Filter>Utility</Filter>
    </ClInclude>
    <ClInclude Include="Graphics\ResourceEnums.h">
      <Filter>Graphics</Filter>
    </ClInclude>
    <ClInclude Include="Graphics\UploadBatch.h">
      <Filter>Graphics</Filter>
    </ClInclude>
    <ClInclude Include="Graphics\FrameGraph.h">
      <Filter>Graphics</Filter>
    </ClInclude>
    <ClInclude Include="Graphics\GraphicsContexts.h">
      <Filter>Graphics</Filter>
    </ClInclude>
    <ClInclude Include="Graphics\ResourceDesc.h">
      <Filter>Graphics</Filter>
    </ClInclude>
    <ClInclude Include="ConsoleModule.h">
      <Filter>Window</Filter>
    </ClInclude>
    <ClInclude Include="Animation\Blackboard.h">
      <Filter>Animation</Filter>
    </ClInclude>
    <ClInclude Include="Animation\Blender.h">
      <Filter>Animation</Filter>
    </ClInclude>
    <ClInclude Include="Animation\IK.h">
      <Filter>Animation</Filter>
    </ClInclude>
    <ClInclude Include="Animation\State.h">
      <Filter>Animation</Filter>
    </ClInclude>
    <ClInclude Include="Animation\StateGroup.h">
      <Filter>Animation</Filter>
    </ClInclude>
    <ClInclude Include="Animation\Transition.h">
      <Filter>Animation</Filter>
    </ClInclude>
    <ClInclude Include="Functions.h">
      <Filter>Utility</Filter>
    </ClInclude>
    <ClInclude Include="IO\BinaryReader.h">
      <Filter>IO</Filter>
    </ClInclude>
    <ClInclude Include="IO\BinaryWriter.h">
      <Filter>IO</Filter>
    </ClInclude>
    <ClInclude Include="IO\Config.h">
      <Filter>IO</Filter>
    </ClInclude>
    <ClInclude Include="IO\Directory.h">
      <Filter>IO</Filter>
    </ClInclude>
    <ClInclude Include="IO\File.h">
      <Filter>IO</Filter>
    </ClInclude>
    <ClInclude Include="IO\Json.h">
      <Filter>IO</Filter>
    </ClInclude>
    <ClInclude Include="IO\Path.h">
      <Filter>IO</Filter>
    </ClInclude>
    <ClInclude Include="MathExt.h" />
    <ClInclude Include="Config.h" />
    <ClInclude Include="UI\Animation.hpp">
      <Filter>UI</Filter>
    </ClInclude>
    <ClInclude Include="UI\Button.h">
      <Filter>UI</Filter>
    </ClInclude>
    <ClInclude Include="UI\Common.h">
      <Filter>UI</Filter>
    </ClInclude>
    <ClInclude Include="UI\Control.h">
      <Filter>UI</Filter>
    </ClInclude>
    <ClInclude Include="UI\Input.h">
      <Filter>UI</Filter>
    </ClInclude>
    <ClInclude Include="UI\InputGroup.h">
      <Filter>UI</Filter>
    </ClInclude>
    <ClInclude Include="UI\Label.h">
      <Filter>UI</Filter>
    </ClInclude>
    <ClInclude Include="UI\Page.h">
      <Filter>UI</Filter>
    </ClInclude>
    <ClInclude Include="UI\PageManager.h">
      <Filter>UI</Filter>
    </ClInclude>
    <ClInclude Include="UI\Panel.h">
      <Filter>UI</Filter>
    </ClInclude>
    <ClInclude Include="UI\ScrollViewer.h">
      <Filter>UI</Filter>
    </ClInclude>
    <ClInclude Include="UI\StackPanel.h">
      <Filter>UI</Filter>
    </ClInclude>
    <ClInclude Include="UI\TextBox.h">
      <Filter>UI</Filter>
    </ClInclude>
    <ClInclude Include="URI\AssetBase.h">
      <Filter>URI</Filter>
    </ClInclude>
    <ClInclude Include="URI\Model.h">
      <Filter>URI</Filter>
    </ClInclude>
    <ClInclude Include="URI\Shader.h">
      <Filter>URI</Filter>
    </ClInclude>
    <ClInclude Include="URI\Texture.h">
      <Filter>URI</Filter>
    </ClInclude>
    <ClInclude Include="Graphics\BorderDesc.h">
      <Filter>Graphics</Filter>
    </ClInclude>
    <ClInclude Include="Graphics\SpriteDesc.h">
      <Filter>Graphics</Filter>
    </ClInclude>
    <ClInclude Include="Graphics\DX12\d3dx12.h">
      <Filter>Graphics\DX12</Filter>
    </ClInclude>
    <ClInclude Include="Graphics\DX12\DX12Builders.h">
      <Filter>Graphics\DX12</Filter>
    </ClInclude>
    <ClInclude Include="Graphics\DX12\DX12CommandList.h">
      <Filter>Graphics\DX12</Filter>
    </ClInclude>
    <ClInclude Include="Graphics\DX12\DX12CommandListPool.h">
      <Filter>Graphics\DX12</Filter>
    </ClInclude>
    <ClInclude Include="Graphics\DX12\DX12Common.h">
      <Filter>Graphics\DX12</Filter>
    </ClInclude>
    <ClInclude Include="Graphics\DX12\DX12ConstantBufferPool.h">
      <Filter>Graphics\DX12</Filter>
    </ClInclude>
    <ClInclude Include="Graphics\DX12\DX12CPipelineState.h">
      <Filter>Graphics\DX12</Filter>
    </ClInclude>
    <ClInclude Include="Graphics\DX12\DX12CPipelineStateBuilder.h">
      <Filter>Graphics\DX12</Filter>
    </ClInclude>
    <ClInclude Include="Graphics\DX12\DX12CPipelineStateLibrary.h">
      <Filter>Graphics\DX12</Filter>
    </ClInclude>
    <ClInclude Include="Graphics\DX12\DX12DebugContext.h">
      <Filter>Graphics\DX12</Filter>
    </ClInclude>
    <ClInclude Include="Graphics\DX12\DX12Decl.h">
      <Filter>Graphics\DX12</Filter>
    </ClInclude>
    <ClInclude Include="Graphics\DX12\DX12DynamicDescriptorHeap.h">
      <Filter>Graphics\DX12</Filter>
    </ClInclude>
    <ClInclude Include="Graphics\DX12\DX12Fence.h">
      <Filter>Graphics\DX12</Filter>
    </ClInclude>
    <ClInclude Include="Graphics\DX12\DX12FrameGraph.h">
      <Filter>Graphics\DX12</Filter>
    </ClInclude>
    <ClInclude Include="Graphics\DX12\DX12FrameGraphBuilder.h">
      <Filter>Graphics\DX12</Filter>
    </ClInclude>
    <ClInclude Include="Graphics\DX12\DX12FrameGraphExecutor.h">
      <Filter>Graphics\DX12</Filter>
    </ClInclude>
    <ClInclude Include="Graphics\DX12\DX12GPipelineState.h">
      <Filter>Graphics\DX12</Filter>
    </ClInclude>
    <ClInclude Include="Graphics\DX12\DX12GPipelineStateBuilder.h">
      <Filter>Graphics\DX12</Filter>
    </ClInclude>
    <ClInclude Include="Graphics\DX12\DX12GPipelineStateLibrary.h">
      <Filter>Graphics\DX12</Filter>
    </ClInclude>
    <ClInclude Include="Graphics\DX12\DX12GraphicsModule.h">
      <Filter>Graphics\DX12</Filter>
    </ClInclude>
    <ClInclude Include="Graphics\DX12\DX12GraphicsModuleForWin32.h">
      <Filter>Graphics\DX12</Filter>
    </ClInclude>
    <ClInclude Include="Graphics\DX12\DX12Heap.h">
      <Filter>Graphics\DX12</Filter>
    </ClInclude>
    <ClInclude Include="Graphics\DX12\DX12HeapManager.h">
      <Filter>Graphics\DX12</Filter>
    </ClInclude>
    <ClInclude Include="Graphics\DX12\DX12Helpers.h">
      <Filter>Graphics\DX12</Filter>
    </ClInclude>
    <ClInclude Include="Graphics\DX12\DX12Includes.h">
      <Filter>Graphics\DX12</Filter>
    </ClInclude>
    <ClInclude Include="Graphics\DX12\DX12InputLayout.h">
      <Filter>Graphics\DX12</Filter>
    </ClInclude>
    <ClInclude Include="Graphics\DX12\DX12InputLayoutBuilder.h">
      <Filter>Graphics\DX12</Filter>
    </ClInclude>
    <ClInclude Include="Graphics\DX12\DX12InputLayoutLibrary.h">
      <Filter>Graphics\DX12</Filter>
    </ClInclude>
    <ClInclude Include="Graphics\DX12\DX12Platform.h">
      <Filter>Graphics\DX12</Filter>
    </ClInclude>
    <ClInclude Include="Graphics\DX12\DX12RenderContext.h">
      <Filter>Graphics\DX12</Filter>
    </ClInclude>
    <ClInclude Include="Graphics\DX12\DX12RenderPass.h">
      <Filter>Graphics\DX12</Filter>
    </ClInclude>
    <ClInclude Include="Graphics\DX12\DX12Resource.h">
      <Filter>Graphics\DX12</Filter>
    </ClInclude>
    <ClInclude Include="Graphics\DX12\DX12ResourceContext.h">
      <Filter>Graphics\DX12</Filter>
    </ClInclude>
    <ClInclude Include="Graphics\DX12\DX12ResourceDesc.h">
      <Filter>Graphics\DX12</Filter>
    </ClInclude>
    <ClInclude Include="Graphics\DX12\DX12ResourcePool.h">
      <Filter>Graphics\DX12</Filter>
    </ClInclude>
    <ClInclude Include="Graphics\DX12\DX12ResourceViews.h">
      <Filter>Graphics\DX12</Filter>
    </ClInclude>
    <ClInclude Include="Graphics\DX12\DX12RootSignature.h">
      <Filter>Graphics\DX12</Filter>
    </ClInclude>
    <ClInclude Include="Graphics\DX12\DX12RootSignatureBuilder.h">
      <Filter>Graphics\DX12</Filter>
    </ClInclude>
    <ClInclude Include="Graphics\DX12\DX12RootSignatureLibrary.h">
      <Filter>Graphics\DX12</Filter>
    </ClInclude>
    <ClInclude Include="Graphics\DX12\DX12ShaderBuilder.h">
      <Filter>Graphics\DX12</Filter>
    </ClInclude>
    <ClInclude Include="Graphics\DX12\DX12ShaderCompiled.h">
      <Filter>Graphics\DX12</Filter>
    </ClInclude>
    <ClInclude Include="Graphics\DX12\DX12ShaderCompiler.h">
      <Filter>Graphics\DX12</Filter>
    </ClInclude>
    <ClInclude Include="Graphics\DX12\DX12ShaderLibrary.h">
      <Filter>Graphics\DX12</Filter>
    </ClInclude>
    <ClInclude Include="Graphics\DX12\DX12ShaderSourceLibrary.h">
      <Filter>Graphics\DX12</Filter>
    </ClInclude>
    <ClInclude Include="Graphics\DX12\DX12ShaderVariant.h">
      <Filter>Graphics\DX12</Filter>
    </ClInclude>
    <ClInclude Include="Graphics\DX12\DX12SpriteBatch.h">
      <Filter>Graphics\DX12</Filter>
    </ClInclude>
    <ClInclude Include="Graphics\DX12\DX12SpriteBatchBuilder.h">
      <Filter>Graphics\DX12</Filter>
    </ClInclude>
    <ClInclude Include="Graphics\DX12\DX12SpriteFont.h">
      <Filter>Graphics\DX12</Filter>
    </ClInclude>
    <ClInclude Include="Graphics\DX12\DX12SpriteFontBuilder.h">
      <Filter>Graphics\DX12</Filter>
    </ClInclude>
    <ClInclude Include="Graphics\DX12\DX12SpriteFontLibrary.h">
      <Filter>Graphics\DX12</Filter>
    </ClInclude>
    <ClInclude Include="Graphics\DX12\DX12StreamOutput.h">
      <Filter>Graphics\DX12</Filter>
    </ClInclude>
    <ClInclude Include="Graphics\DX12\DX12StreamOutputBuilder.h">
      <Filter>Graphics\DX12</Filter>
    </ClInclude>
    <ClInclude Include="Graphics\DX12\DX12StreamOutputLibrary.h">
      <Filter>Graphics\DX12</Filter>
    </ClInclude>
    <ClInclude Include="Graphics\DX12\DX12Texture.h">
      <Filter>Graphics\DX12</Filter>
    </ClInclude>
    <ClInclude Include="Graphics\DX12\DX12TextureBuilder.h">
      <Filter>Graphics\DX12</Filter>
    </ClInclude>
    <ClInclude Include="Graphics\DX12\DX12UploadBatch.h">
      <Filter>Graphics\DX12</Filter>
    </ClInclude>
    <ClInclude Include="PxPtr.hpp">
      <Filter>Utility</Filter>
    </ClInclude>
    <ClInclude Include="Input\DefaultAxes.h">
      <Filter>Input</Filter>
    </ClInclude>
    <ClInclude Include="Input\Key.h">
      <Filter>Input</Filter>
    </ClInclude>
    <ClInclude Include="Input\AxisMap.hpp">
      <Filter>Input</Filter>
    </ClInclude>
    <ClInclude Include="Input\AxisMapBase.h">
      <Filter>Input</Filter>
    </ClInclude>
    <ClInclude Include="HandleDecl.h">
      <Filter>Modules</Filter>
    </ClInclude>
    <ClInclude Include="Graphics\Material.h">
      <Filter>Graphics</Filter>
    </ClInclude>
    <ClInclude Include="Graphics\DX12\DX12TextureLibrary.h">
      <Filter>Graphics\DX12</Filter>
    </ClInclude>
    <ClInclude Include="System\Dispatcher.hpp">
      <Filter>System</Filter>
    </ClInclude>
    <ClInclude Include="System\FpsCounter.h">
      <Filter>System</Filter>
    </ClInclude>
    <ClInclude Include="System\GameClock.h">
      <Filter>System</Filter>
    </ClInclude>
    <ClInclude Include="System\SecureString.h">
      <Filter>System</Filter>
    </ClInclude>
    <ClInclude Include="System\System.h">
      <Filter>System</Filter>
    </ClInclude>
    <ClInclude Include="System\SystemClock.h">
      <Filter>System</Filter>
    </ClInclude>
    <ClInclude Include="System\TimeTypes.h">
      <Filter>System</Filter>
    </ClInclude>
    <ClInclude Include="Network\NetcodeNetworkModule.h">
      <Filter>Network</Filter>
    </ClInclude>
    <ClInclude Include="Network\NetworkCommon.h">
      <Filter>Network</Filter>
    </ClInclude>
    <ClInclude Include="Network\NetworkDecl.h">
      <Filter>Network</Filter>
    </ClInclude>
    <ClInclude Include="Network\NetworkErrorCode.h">
      <Filter>Network</Filter>
    </ClInclude>
    <ClInclude Include="Network\ReplicationContext.h">
      <Filter>Network</Filter>
    </ClInclude>
    <ClInclude Include="Network\Response.hpp">
      <Filter>Network</Filter>
    </ClInclude>
    <ClInclude Include="Network\ServerSession.h">
      <Filter>Network</Filter>
    </ClInclude>
    <ClInclude Include="Network\Service.h">
      <Filter>Network</Filter>
    </ClInclude>
    <ClInclude Include="Network\Socket.hpp">
      <Filter>Network</Filter>
    </ClInclude>
    <ClInclude Include="Network\SslUtil.h">
      <Filter>Network</Filter>
    </ClInclude>
    <ClInclude Include="Network\BasicPacket.hpp">
      <Filter>Network</Filter>
    </ClInclude>
    <ClInclude Include="Network\ClientSession.h">
      <Filter>Network</Filter>
    </ClInclude>
    <ClInclude Include="Network\CompletionToken.h">
      <Filter>Network</Filter>
    </ClInclude>
    <ClInclude Include="Network\Connection.h">
      <Filter>Network</Filter>
    </ClInclude>
    <ClInclude Include="Network\Cookie.h">
      <Filter>Network</Filter>
    </ClInclude>
    <ClInclude Include="Network\Dtls.h">
      <Filter>Network</Filter>
    </ClInclude>
    <ClInclude Include="Network\FragmentStorage.h">
      <Filter>Network</Filter>
    </ClInclude>
    <ClInclude Include="Network\GameSession.h">
      <Filter>Network</Filter>
    </ClInclude>
    <ClInclude Include="Network\HttpSession.h">
      <Filter>Network</Filter>
    </ClInclude>
    <ClInclude Include="Network\Macros.h">
      <Filter>Network</Filter>
    </ClInclude>
    <ClInclude Include="Network\MatchmakerSession.h">
      <Filter>Network</Filter>
    </ClInclude>
    <ClInclude Include="Network\MtuValue.hpp">
      <Filter>Network</Filter>
    </ClInclude>
    <ClInclude Include="Network\MysqlSession.h">
      <Filter>Network</Filter>
    </ClInclude>
    <ClInclude Include="Network\NetAllocator.h">
      <Filter>Network</Filter>
    </ClInclude>
  </ItemGroup>
  <ItemGroup>
    <ClCompile Include="Stopwatch.cpp">
      <Filter>Utility</Filter>
    </ClCompile>
    <ClCompile Include="Utility.cpp">
      <Filter>Utility</Filter>
    </ClCompile>
    <ClCompile Include="Input.cpp">
      <Filter>Gameplay</Filter>
    </ClCompile>
    <ClCompile Include="DefaultModuleFactory.cpp">
      <Filter>Modules\Factory</Filter>
    </ClCompile>
    <ClCompile Include="WinapiWindowModule.cpp">
      <Filter>Window</Filter>
    </ClCompile>
    <ClCompile Include="Modules.cpp">
      <Filter>Modules</Filter>
    </ClCompile>
    <ClCompile Include="LinearClassifier.cpp">
      <Filter>Legacy</Filter>
    </ClCompile>
    <ClCompile Include="DebugPhysx.cpp">
      <Filter>Legacy</Filter>
    </ClCompile>
    <ClCompile Include="DebugPhysxActor.cpp">
      <Filter>Legacy</Filter>
    </ClCompile>
    <ClCompile Include="BasicGeometry.cpp">
      <Filter>Utility</Filter>
    </ClCompile>
    <ClCompile Include="Common.cpp">
      <Filter>Common</Filter>
    </ClCompile>
    <ClCompile Include="Logger.cpp">
      <Filter>Common</Filter>
    </ClCompile>
    <ClCompile Include="PhysXWrapper.cpp">
      <Filter>Physics</Filter>
    </ClCompile>
    <ClCompile Include="Graphics\ResourceEnums.cpp">
      <Filter>Graphics</Filter>
    </ClCompile>
    <ClCompile Include="ConsoleModule.cpp">
      <Filter>Window</Filter>
    </ClCompile>
    <ClCompile Include="Animation\Blackboard.cpp">
      <Filter>Animation</Filter>
    </ClCompile>
    <ClCompile Include="Animation\Blender.cpp">
      <Filter>Animation</Filter>
    </ClCompile>
    <ClCompile Include="Animation\IK.cpp">
      <Filter>Animation</Filter>
    </ClCompile>
    <ClCompile Include="Animation\State.cpp">
      <Filter>Animation</Filter>
    </ClCompile>
    <ClCompile Include="Animation\StateGroup.cpp">
      <Filter>Animation</Filter>
    </ClCompile>
    <ClCompile Include="Animation\Transition.cpp">
      <Filter>Animation</Filter>
    </ClCompile>
    <ClCompile Include="Functions.cpp">
      <Filter>Utility</Filter>
    </ClCompile>
    <ClCompile Include="IO\BinaryWriter.cpp">
      <Filter>IO</Filter>
    </ClCompile>
    <ClCompile Include="IO\Directory.cpp">
      <Filter>IO</Filter>
    </ClCompile>
    <ClCompile Include="IO\File.cpp">
      <Filter>IO</Filter>
    </ClCompile>
    <ClCompile Include="IO\Json.cpp">
      <Filter>IO</Filter>
    </ClCompile>
    <ClCompile Include="IO\Path.cpp">
      <Filter>IO</Filter>
    </ClCompile>
    <ClCompile Include="IO\BinaryReader.cpp">
      <Filter>IO</Filter>
    </ClCompile>
    <ClCompile Include="MathExt.cpp" />
    <ClCompile Include="Config.cpp" />
    <ClCompile Include="UI\Animation.cpp">
      <Filter>UI</Filter>
    </ClCompile>
    <ClCompile Include="UI\Button.cpp">
      <Filter>UI</Filter>
    </ClCompile>
    <ClCompile Include="UI\Control.cpp">
      <Filter>UI</Filter>
    </ClCompile>
    <ClCompile Include="UI\Input.cpp">
      <Filter>UI</Filter>
    </ClCompile>
    <ClCompile Include="UI\InputGroup.cpp">
      <Filter>UI</Filter>
    </ClCompile>
    <ClCompile Include="UI\Label.cpp">
      <Filter>UI</Filter>
    </ClCompile>
    <ClCompile Include="UI\Page.cpp">
      <Filter>UI</Filter>
    </ClCompile>
    <ClCompile Include="UI\PageManager.cpp">
      <Filter>UI</Filter>
    </ClCompile>
    <ClCompile Include="UI\Panel.cpp">
      <Filter>UI</Filter>
    </ClCompile>
    <ClCompile Include="UI\ScrollViewer.cpp">
      <Filter>UI</Filter>
    </ClCompile>
    <ClCompile Include="UI\StackPanel.cpp">
      <Filter>UI</Filter>
    </ClCompile>
    <ClCompile Include="UI\TextBox.cpp">
      <Filter>UI</Filter>
    </ClCompile>
    <ClCompile Include="URI\Model.cpp">
      <Filter>URI</Filter>
    </ClCompile>
    <ClCompile Include="URI\Shader.cpp">
      <Filter>URI</Filter>
    </ClCompile>
    <ClCompile Include="URI\Texture.cpp">
      <Filter>URI</Filter>
    </ClCompile>
    <ClCompile Include="URI\AssetBase.cpp">
      <Filter>URI</Filter>
    </ClCompile>
    <ClCompile Include="Graphics\BorderDesc.cpp">
      <Filter>Graphics</Filter>
    </ClCompile>
    <ClCompile Include="Graphics\SpriteDesc.cpp">
      <Filter>Graphics</Filter>
    </ClCompile>
    <ClCompile Include="Graphics\DX12\DX12CommandListPool.cpp">
      <Filter>Graphics\DX12</Filter>
    </ClCompile>
    <ClCompile Include="Graphics\DX12\DX12Common.cpp">
      <Filter>Graphics\DX12</Filter>
    </ClCompile>
    <ClCompile Include="Graphics\DX12\DX12ConstantBufferPool.cpp">
      <Filter>Graphics\DX12</Filter>
    </ClCompile>
    <ClCompile Include="Graphics\DX12\DX12CPipelineState.cpp">
      <Filter>Graphics\DX12</Filter>
    </ClCompile>
    <ClCompile Include="Graphics\DX12\DX12CPipelineStateBuilder.cpp">
      <Filter>Graphics\DX12</Filter>
    </ClCompile>
    <ClCompile Include="Graphics\DX12\DX12CPipelineStateLibrary.cpp">
      <Filter>Graphics\DX12</Filter>
    </ClCompile>
    <ClCompile Include="Graphics\DX12\DX12DebugContext.cpp">
      <Filter>Graphics\DX12</Filter>
    </ClCompile>
    <ClCompile Include="Graphics\DX12\DX12DynamicDescriptorHeap.cpp">
      <Filter>Graphics\DX12</Filter>
    </ClCompile>
    <ClCompile Include="Graphics\DX12\DX12Fence.cpp">
      <Filter>Graphics\DX12</Filter>
    </ClCompile>
    <ClCompile Include="Graphics\DX12\DX12FrameGraph.cpp">
      <Filter>Graphics\DX12</Filter>
    </ClCompile>
    <ClCompile Include="Graphics\DX12\DX12FrameGraphBuilder.cpp">
      <Filter>Graphics\DX12</Filter>
    </ClCompile>
    <ClCompile Include="Graphics\DX12\DX12FrameGraphExecutor.cpp">
      <Filter>Graphics\DX12</Filter>
    </ClCompile>
    <ClCompile Include="Graphics\DX12\DX12GPipelineState.cpp">
      <Filter>Graphics\DX12</Filter>
    </ClCompile>
    <ClCompile Include="Graphics\DX12\DX12GPipelineStateBuilder.cpp">
      <Filter>Graphics\DX12</Filter>
    </ClCompile>
    <ClCompile Include="Graphics\DX12\DX12GPipelineStateLibrary.cpp">
      <Filter>Graphics\DX12</Filter>
    </ClCompile>
    <ClCompile Include="Graphics\DX12\DX12GraphicsModule.cpp">
      <Filter>Graphics\DX12</Filter>
    </ClCompile>
    <ClCompile Include="Graphics\DX12\DX12GraphicsModuleForWin32.cpp">
      <Filter>Graphics\DX12</Filter>
    </ClCompile>
    <ClCompile Include="Graphics\DX12\DX12Heap.cpp">
      <Filter>Graphics\DX12</Filter>
    </ClCompile>
    <ClCompile Include="Graphics\DX12\DX12HeapManager.cpp">
      <Filter>Graphics\DX12</Filter>
    </ClCompile>
    <ClCompile Include="Graphics\DX12\DX12Helpers.cpp">
      <Filter>Graphics\DX12</Filter>
    </ClCompile>
    <ClCompile Include="Graphics\DX12\DX12InputLayout.cpp">
      <Filter>Graphics\DX12</Filter>
    </ClCompile>
    <ClCompile Include="Graphics\DX12\DX12InputLayoutBuilder.cpp">
      <Filter>Graphics\DX12</Filter>
    </ClCompile>
    <ClCompile Include="Graphics\DX12\DX12InputLayoutLibrary.cpp">
      <Filter>Graphics\DX12</Filter>
    </ClCompile>
    <ClCompile Include="Graphics\DX12\DX12Platform.cpp">
      <Filter>Graphics\DX12</Filter>
    </ClCompile>
    <ClCompile Include="Graphics\DX12\DX12RenderContext.cpp">
      <Filter>Graphics\DX12</Filter>
    </ClCompile>
    <ClCompile Include="Graphics\DX12\DX12RenderPass.cpp">
      <Filter>Graphics\DX12</Filter>
    </ClCompile>
    <ClCompile Include="Graphics\DX12\DX12Resource.cpp">
      <Filter>Graphics\DX12</Filter>
    </ClCompile>
    <ClCompile Include="Graphics\DX12\DX12ResourceContext.cpp">
      <Filter>Graphics\DX12</Filter>
    </ClCompile>
    <ClCompile Include="Graphics\DX12\DX12ResourceDesc.cpp">
      <Filter>Graphics\DX12</Filter>
    </ClCompile>
    <ClCompile Include="Graphics\DX12\DX12ResourcePool.cpp">
      <Filter>Graphics\DX12</Filter>
    </ClCompile>
    <ClCompile Include="Graphics\DX12\DX12ResourceViews.cpp">
      <Filter>Graphics\DX12</Filter>
    </ClCompile>
    <ClCompile Include="Graphics\DX12\DX12RootSignature.cpp">
      <Filter>Graphics\DX12</Filter>
    </ClCompile>
    <ClCompile Include="Graphics\DX12\DX12RootSignatureBuilder.cpp">
      <Filter>Graphics\DX12</Filter>
    </ClCompile>
    <ClCompile Include="Graphics\DX12\DX12RootSignatureLibrary.cpp">
      <Filter>Graphics\DX12</Filter>
    </ClCompile>
    <ClCompile Include="Graphics\DX12\DX12ShaderBuilder.cpp">
      <Filter>Graphics\DX12</Filter>
    </ClCompile>
    <ClCompile Include="Graphics\DX12\DX12ShaderCompiled.cpp">
      <Filter>Graphics\DX12</Filter>
    </ClCompile>
    <ClCompile Include="Graphics\DX12\DX12ShaderCompiler.cpp">
      <Filter>Graphics\DX12</Filter>
    </ClCompile>
    <ClCompile Include="Graphics\DX12\DX12ShaderLibrary.cpp">
      <Filter>Graphics\DX12</Filter>
    </ClCompile>
    <ClCompile Include="Graphics\DX12\DX12ShaderSourceLibrary.cpp">
      <Filter>Graphics\DX12</Filter>
    </ClCompile>
    <ClCompile Include="Graphics\DX12\DX12ShaderVariant.cpp">
      <Filter>Graphics\DX12</Filter>
    </ClCompile>
    <ClCompile Include="Graphics\DX12\DX12SpriteBatch.cpp">
      <Filter>Graphics\DX12</Filter>
    </ClCompile>
    <ClCompile Include="Graphics\DX12\DX12SpriteBatchBuilder.cpp">
      <Filter>Graphics\DX12</Filter>
    </ClCompile>
    <ClCompile Include="Graphics\DX12\DX12SpriteFont.cpp">
      <Filter>Graphics\DX12</Filter>
    </ClCompile>
    <ClCompile Include="Graphics\DX12\DX12SpriteFontBuilder.cpp">
      <Filter>Graphics\DX12</Filter>
    </ClCompile>
    <ClCompile Include="Graphics\DX12\DX12SpriteFontLibrary.cpp">
      <Filter>Graphics\DX12</Filter>
    </ClCompile>
    <ClCompile Include="Graphics\DX12\DX12StreamOutput.cpp">
      <Filter>Graphics\DX12</Filter>
    </ClCompile>
    <ClCompile Include="Graphics\DX12\DX12StreamOutputBuilder.cpp">
      <Filter>Graphics\DX12</Filter>
    </ClCompile>
    <ClCompile Include="Graphics\DX12\DX12StreamOutputLibrary.cpp">
      <Filter>Graphics\DX12</Filter>
    </ClCompile>
    <ClCompile Include="Graphics\DX12\DX12Texture.cpp">
      <Filter>Graphics\DX12</Filter>
    </ClCompile>
    <ClCompile Include="Graphics\DX12\DX12TextureBuilder.cpp">
      <Filter>Graphics\DX12</Filter>
    </ClCompile>
    <ClCompile Include="Graphics\DX12\DX12UploadBatch.cpp">
      <Filter>Graphics\DX12</Filter>
    </ClCompile>
    <ClCompile Include="Graphics\Material.cpp">
      <Filter>Graphics</Filter>
    </ClCompile>
    <ClCompile Include="Graphics\DX12\DX12TextureLibrary.cpp">
      <Filter>Graphics\DX12</Filter>
    </ClCompile>
    <ClCompile Include="System\FpsCounter.cpp">
      <Filter>System</Filter>
    </ClCompile>
    <ClCompile Include="System\GameClock.cpp">
      <Filter>System</Filter>
    </ClCompile>
    <ClCompile Include="System\SecureString.cpp">
      <Filter>System</Filter>
    </ClCompile>
    <ClCompile Include="System\System.cpp">
      <Filter>System</Filter>
    </ClCompile>
    <ClCompile Include="System\SystemClock.cpp">
      <Filter>System</Filter>
    </ClCompile>
    <ClCompile Include="Network\NetworkCommon.cpp">
      <Filter>Network</Filter>
    </ClCompile>
    <ClCompile Include="Network\ReplicationContext.cpp">
      <Filter>Network</Filter>
    </ClCompile>
    <ClCompile Include="Network\ServerSession.cpp">
      <Filter>Network</Filter>
    </ClCompile>
    <ClCompile Include="Network\Service.cpp">
      <Filter>Network</Filter>
    </ClCompile>
    <ClCompile Include="Network\SslUtil.cpp">
      <Filter>Network</Filter>
    </ClCompile>
    <ClCompile Include="Network\ClientSession.cpp">
      <Filter>Network</Filter>
    </ClCompile>
    <ClCompile Include="Network\Connection.cpp">
      <Filter>Network</Filter>
    </ClCompile>
    <ClCompile Include="Network\Cookie.cpp">
      <Filter>Network</Filter>
    </ClCompile>
    <ClCompile Include="Network\Dtls.cpp">
      <Filter>Network</Filter>
    </ClCompile>
    <ClCompile Include="Network\FragmentStorage.cpp">
      <Filter>Network</Filter>
    </ClCompile>
    <ClCompile Include="Network\GameSession.cpp">
      <Filter>Network</Filter>
    </ClCompile>
    <ClCompile Include="Network\HttpSession.cpp">
      <Filter>Network</Filter>
    </ClCompile>
    <ClCompile Include="Network\MatchmakerSession.cpp">
      <Filter>Network</Filter>
    </ClCompile>
    <ClCompile Include="Network\MysqlSession.cpp">
      <Filter>Network</Filter>
    </ClCompile>
    <ClCompile Include="Network\NetcodeNetworkModule.cpp">
      <Filter>Network</Filter>
    </ClCompile>
  </ItemGroup>
  <ItemGroup>
    <None Include="cpp.hint" />
  </ItemGroup>
  <ItemGroup>
    <FxCompile Include="Shaders\Netcode_DebugPrimPS.hlsl">
      <Filter>Shaders</Filter>
    </FxCompile>
    <FxCompile Include="Shaders\Netcode_DebugPrimVS.hlsl">
      <Filter>Shaders</Filter>
    </FxCompile>
    <FxCompile Include="Shaders\Netcode_SpritePS.hlsl">
      <Filter>Shaders</Filter>
    </FxCompile>
    <FxCompile Include="Shaders\Netcode_SpriteVS.hlsl">
      <Filter>Shaders</Filter>
    </FxCompile>
  </ItemGroup>
</Project>