<?xml version="1.0" encoding="utf-8"?>
<Project ToolsVersion="4.0" xmlns="http://schemas.microsoft.com/developer/msbuild/2003">
  <ItemGroup>
    <Midl Include="App.idl" />
    <Midl Include="MainPage.idl" />
    <Midl Include="BonesPage.idl">
      <Filter>XAML</Filter>
    </Midl>
    <Midl Include="GeometryPage.idl">
      <Filter>XAML</Filter>
    </Midl>
    <Midl Include="MainPage.idl">
      <Filter>XAML</Filter>
    </Midl>
    <Midl Include="Vector2Control.idl">
      <Filter>XAML</Filter>
    </Midl>
    <Midl Include="Vector3Control.idl">
      <Filter>XAML</Filter>
    </Midl>
    <Midl Include="Vector4Control.idl">
      <Filter>XAML</Filter>
    </Midl>
    <Midl Include="App.idl">
      <Filter>XAML</Filter>
    </Midl>
  </ItemGroup>
  <ItemGroup>
    <ClCompile Include="pch.cpp" />
    <ClCompile Include="App.cpp" />
    <ClCompile Include="MainPage.cpp" />
    <ClCompile Include="DC_Lod.cpp">
      <Filter>Data</Filter>
    </ClCompile>
    <ClCompile Include="DC_Mesh.cpp">
      <Filter>Data</Filter>
    </ClCompile>
    <ClCompile Include="DC_MainPage.cpp">
      <Filter>Data</Filter>
    </ClCompile>
    <ClCompile Include="EditorModuleFactory.cpp">
      <Filter>Graphics</Filter>
    </ClCompile>
    <ClCompile Include="DX12GraphicsModuleForXaml.cpp">
      <Filter>Graphics</Filter>
    </ClCompile>
    <ClCompile Include="XamlGlobal.cpp">
      <Filter>XAML</Filter>
    </ClCompile>
    <ClCompile Include="DC_Bone.cpp">
      <Filter>Data</Filter>
    </ClCompile>
    <ClCompile Include="DC_Animation.cpp">
      <Filter>Data</Filter>
    </ClCompile>
    <ClCompile Include="XamlHelpers.cpp" />
    <ClCompile Include="DC_Material.cpp">
      <Filter>Data</Filter>
    </ClCompile>
    <ClCompile Include="VectorConverter.cpp">
      <Filter>XAML\Converters</Filter>
    </ClCompile>
    <ClCompile Include="DC_Collider.cpp">
      <Filter>Data</Filter>
    </ClCompile>
    <ClCompile Include="ColliderTypeVisibilityConverter.cpp">
      <Filter>XAML\Converters</Filter>
    </ClCompile>
    <ClCompile Include="ColliderTypeConverter.cpp">
      <Filter>XAML\Converters</Filter>
    </ClCompile>
    <ClCompile Include="FloatBox.cpp">
      <Filter>XAML\UserControls</Filter>
    </ClCompile>
    <ClCompile Include="DC_Vector2Control.cpp">
      <Filter>XAML\UserControls\DataContexts</Filter>
    </ClCompile>
    <ClCompile Include="DC_Vector3Control.cpp">
      <Filter>XAML\UserControls\DataContexts</Filter>
    </ClCompile>
    <ClCompile Include="DC_Vector4Control.cpp">
      <Filter>XAML\UserControls\DataContexts</Filter>
    </ClCompile>
    <ClCompile Include="SelectionToVisibilityConverter.cpp">
      <Filter>XAML\Converters</Filter>
    </ClCompile>
    <ClCompile Include="DepthToMarginConverter.cpp">
      <Filter>XAML\Converters</Filter>
    </ClCompile>
    <ClCompile Include="BonesPage.cpp">
      <Filter>XAML</Filter>
    </ClCompile>
    <ClCompile Include="CollidersPage.cpp">
      <Filter>XAML</Filter>
    </ClCompile>
    <ClCompile Include="AnimationsPage.cpp">
      <Filter>XAML</Filter>
    </ClCompile>
    <ClCompile Include="CreateColliderDialog.cpp">
      <Filter>XAML</Filter>
    </ClCompile>
    <ClCompile Include="GeometryPage.cpp">
      <Filter>XAML</Filter>
    </ClCompile>
    <ClCompile Include="MainPage.cpp">
      <Filter>XAML</Filter>
    </ClCompile>
    <ClCompile Include="UC_Lod.cpp">
      <Filter>XAML</Filter>
    </ClCompile>
    <ClCompile Include="UC_Mesh.cpp">
      <Filter>XAML</Filter>
    </ClCompile>
    <ClCompile Include="Vector2Control.cpp">
      <Filter>XAML</Filter>
    </ClCompile>
    <ClCompile Include="Vector3Control.cpp">
      <Filter>XAML</Filter>
    </ClCompile>
    <ClCompile Include="Vector4Control.cpp">
      <Filter>XAML</Filter>
    </ClCompile>
    <ClCompile Include="App.cpp">
      <Filter>XAML</Filter>
    </ClCompile>
    <ClCompile Include="MaterialsPage.cpp">
      <Filter>XAML</Filter>
    </ClCompile>
    <ClCompile Include="Generated Files\module.g.cpp" />
    <ClCompile Include="GCommandTransform.cpp" />
    <ClCompile Include="DC_GeometryPage.cpp" />
    <ClCompile Include="BoundingBoxHelpers.cpp" />
    <ClCompile Include="EditorApp.cpp" />
  </ItemGroup>
  <ItemGroup>
    <ClInclude Include="pch.h" />
    <ClInclude Include="DC_Lod.h">
      <Filter>Data</Filter>
    </ClInclude>
    <ClInclude Include="DC_Mesh.h">
      <Filter>Data</Filter>
    </ClInclude>
    <ClInclude Include="DC_MainPage.h">
      <Filter>Data</Filter>
    </ClInclude>
    <ClInclude Include="DX12GraphicsModuleForXaml.h">
      <Filter>Graphics</Filter>
    </ClInclude>
    <ClInclude Include="EditorModuleFactory.h">
      <Filter>Graphics</Filter>
    </ClInclude>
    <ClInclude Include="EditorApp.h">
      <Filter>Graphics</Filter>
    </ClInclude>
    <ClInclude Include="EditorFrameGraph.h">
      <Filter>Graphics</Filter>
    </ClInclude>
    <ClInclude Include="GBuffer.h">
      <Filter>Graphics</Filter>
    </ClInclude>
    <ClInclude Include="ConstantBufferTypes.h">
      <Filter>Graphics</Filter>
    </ClInclude>
    <ClInclude Include="BoundingBoxHelpers.h">
      <Filter>Import</Filter>
    </ClInclude>
    <ClInclude Include="XamlGlobal.h">
      <Filter>XAML</Filter>
    </ClInclude>
    <ClInclude Include="DC_Bone.h">
      <Filter>Data</Filter>
    </ClInclude>
    <ClInclude Include="DC_Animation.h">
      <Filter>Data</Filter>
    </ClInclude>
    <ClInclude Include="XamlHelpers.h" />
    <ClInclude Include="DC_Material.h">
      <Filter>Data</Filter>
    </ClInclude>
    <ClInclude Include="VectorConverter.h">
      <Filter>XAML\Converters</Filter>
    </ClInclude>
    <ClInclude Include="DC_Collider.h">
      <Filter>Data</Filter>
    </ClInclude>
    <ClInclude Include="ColliderTypeVisibilityConverter.h">
      <Filter>XAML\Converters</Filter>
    </ClInclude>
    <ClInclude Include="ColliderTypeConverter.h">
      <Filter>XAML\Converters</Filter>
    </ClInclude>
    <ClInclude Include="FloatBox.h">
      <Filter>XAML\UserControls</Filter>
    </ClInclude>
    <ClInclude Include="DC_Vector2Control.h">
      <Filter>XAML\UserControls\DataContexts</Filter>
    </ClInclude>
    <ClInclude Include="DC_Vector3Control.h">
      <Filter>XAML\UserControls\DataContexts</Filter>
    </ClInclude>
    <ClInclude Include="DC_Vector4Control.h">
      <Filter>XAML\UserControls\DataContexts</Filter>
    </ClInclude>
    <ClInclude Include="SelectionToVisibilityConverter.h">
      <Filter>XAML\Converters</Filter>
    </ClInclude>
    <ClInclude Include="DepthToMarginConverter.h">
      <Filter>XAML\Converters</Filter>
    </ClInclude>
    <ClInclude Include="BonesPage.h">
      <Filter>XAML</Filter>
    </ClInclude>
    <ClInclude Include="CollidersPage.h">
      <Filter>XAML</Filter>
    </ClInclude>
    <ClInclude Include="AnimationsPage.h">
      <Filter>XAML</Filter>
    </ClInclude>
    <ClInclude Include="CreateColliderDialog.h">
      <Filter>XAML</Filter>
    </ClInclude>
    <ClInclude Include="GeometryPage.h">
      <Filter>XAML</Filter>
    </ClInclude>
    <ClInclude Include="MainPage.h">
      <Filter>XAML</Filter>
    </ClInclude>
    <ClInclude Include="UC_Lod.h">
      <Filter>XAML</Filter>
    </ClInclude>
    <ClInclude Include="UC_Mesh.h">
      <Filter>XAML</Filter>
    </ClInclude>
    <ClInclude Include="Vector2Control.h">
      <Filter>XAML</Filter>
    </ClInclude>
    <ClInclude Include="Vector3Control.h">
      <Filter>XAML</Filter>
    </ClInclude>
    <ClInclude Include="Vector4Control.h">
      <Filter>XAML</Filter>
    </ClInclude>
    <ClInclude Include="App.h">
      <Filter>XAML</Filter>
    </ClInclude>
    <ClInclude Include="MaterialsPage.h">
      <Filter>XAML</Filter>
    </ClInclude>
    <ClInclude Include="GCommandTransform.h" />
    <ClInclude Include="DC_GeometryPage.h" />
  </ItemGroup>
  <ItemGroup>
    <Image Include="Assets\Wide310x150Logo.scale-200.png">
      <Filter>Assets</Filter>
    </Image>
    <Image Include="Assets\StoreLogo.png">
      <Filter>Assets</Filter>
    </Image>
    <Image Include="Assets\Square150x150Logo.scale-200.png">
      <Filter>Assets</Filter>
    </Image>
    <Image Include="Assets\Square44x44Logo.targetsize-24_altform-unplated.png">
      <Filter>Assets</Filter>
    </Image>
    <Image Include="Assets\Square44x44Logo.scale-200.png">
      <Filter>Assets</Filter>
    </Image>
    <Image Include="Assets\SplashScreen.scale-200.png">
      <Filter>Assets</Filter>
    </Image>
    <Image Include="Assets\LockScreenLogo.scale-200.png">
      <Filter>Assets</Filter>
    </Image>
    <Image Include="Assets\loading_icon.png">
      <Filter>Assets</Filter>
    </Image>
  </ItemGroup>
  <ItemGroup>
    <AppxManifest Include="Package.appxmanifest" />
  </ItemGroup>
  <ItemGroup>
    <Filter Include="Assets">
      <UniqueIdentifier>{e48dc53e-40b1-40cb-970a-f89935452892}</UniqueIdentifier>
    </Filter>
    <Filter Include="XAML">
      <UniqueIdentifier>{0c0844e9-c90e-44f9-babe-b9e05ab8e6a1}</UniqueIdentifier>
    </Filter>
    <Filter Include="Data">
      <UniqueIdentifier>{3048f285-e983-49b3-af72-9742ecb88554}</UniqueIdentifier>
    </Filter>
    <Filter Include="Import">
      <UniqueIdentifier>{55a3c50c-0d05-44d5-b67a-8e67da4ae946}</UniqueIdentifier>
    </Filter>
    <Filter Include="Graphics">
      <UniqueIdentifier>{729e34ee-31d5-43cc-8c4e-dafd79f1816e}</UniqueIdentifier>
    </Filter>
    <Filter Include="Shaders">
      <UniqueIdentifier>{e22365f1-9e14-42ce-9b43-f8e31d68af37}</UniqueIdentifier>
    </Filter>
    <Filter Include="XAML\Pages">
      <UniqueIdentifier>{915fecdd-ee4d-421b-8377-af145dc75f47}</UniqueIdentifier>
    </Filter>
    <Filter Include="Export">
      <UniqueIdentifier>{d43a56ad-7db7-42a5-891c-ef759a389e46}</UniqueIdentifier>
    </Filter>
    <Filter Include="XAML\Dialogs">
      <UniqueIdentifier>{74b33de0-b25f-4b4c-a477-9a7fc7365870}</UniqueIdentifier>
    </Filter>
    <Filter Include="XAML\UserControls">
      <UniqueIdentifier>{c914a455-16c2-4b2d-8172-8ae0ce1cabc4}</UniqueIdentifier>
    </Filter>
    <Filter Include="XAML\Converters">
      <UniqueIdentifier>{aebe35a6-9629-4e67-a229-1784b3bc02dd}</UniqueIdentifier>
    </Filter>
    <Filter Include="XAML\UserControls\DataContexts">
      <UniqueIdentifier>{999a38e4-7a37-45bc-9d25-5de3a1500306}</UniqueIdentifier>
    </Filter>
  </ItemGroup>
  <ItemGroup>
    <None Include="PropertySheet.props" />
    <None Include="packages.config" />
    <None Include="Shaders\compile.bat" />
  </ItemGroup>
  <ItemGroup>
    <Text Include="readme.txt" />
  </ItemGroup>
  <ItemGroup>
    <FxCompile Include="Shaders\Editor_BoneVisibilityPass_Pixel.hlsl">
      <Filter>Shaders</Filter>
    </FxCompile>
    <FxCompile Include="Shaders\Editor_BoneVisibilityPass_Vertex.hlsl">
      <Filter>Shaders</Filter>
    </FxCompile>
    <FxCompile Include="Shaders\Editor_ColliderPass_Pixel.hlsl">
      <Filter>Shaders</Filter>
    </FxCompile>
    <FxCompile Include="Shaders\Editor_ColliderPass_Vertex.hlsl">
      <Filter>Shaders</Filter>
    </FxCompile>
    <FxCompile Include="Shaders\Editor_GBufferPass_Pixel.hlsl">
      <Filter>Shaders</Filter>
    </FxCompile>
    <FxCompile Include="Shaders\Editor_GBufferPass_Vertex.hlsl">
      <Filter>Shaders</Filter>
    </FxCompile>
    <FxCompile Include="Shaders\Editor_IBL_brdfEnvmapFilter_Compute.hlsl" />
    <FxCompile Include="Shaders\Editor_IBL_brdfPreIntegrate_Compute.hlsl" />
  </ItemGroup>
  <ItemGroup>
    <Page Include="MaterialsPage.xaml">
      <Filter>XAML</Filter>
    </Page>
    <Page Include="BonesPage.xaml">
      <Filter>XAML</Filter>
    </Page>
    <Page Include="CollidersPage.xaml">
      <Filter>XAML</Filter>
    </Page>
    <Page Include="AnimationsPage.xaml">
      <Filter>XAML</Filter>
    </Page>
    <Page Include="CreateColliderDialog.xaml">
      <Filter>XAML</Filter>
    </Page>
    <Page Include="GeometryPage.xaml">
      <Filter>XAML</Filter>
    </Page>
    <Page Include="MainPage.xaml">
      <Filter>XAML</Filter>
    </Page>
    <Page Include="UC_Lod.xaml">
      <Filter>XAML</Filter>
    </Page>
    <Page Include="UC_Mesh.xaml">
      <Filter>XAML</Filter>
    </Page>
    <Page Include="Vector4Control.xaml">
      <Filter>XAML</Filter>
    </Page>
    <Page Include="Vector2Control.xaml">
      <Filter>XAML</Filter>
    </Page>
    <Page Include="Vector3Control.xaml">
      <Filter>XAML</Filter>
    </Page>
  </ItemGroup>
  <ItemGroup>
    <ApplicationDefinition Include="App.xaml">
      <Filter>XAML</Filter>
    </ApplicationDefinition>
  </ItemGroup>
</Project>