<?xml version="1.0" encoding="utf-8"?>
<Project ToolsVersion="4.0" xmlns="http://schemas.microsoft.com/developer/msbuild/2003">
  <ItemGroup>
    <Filter Include="Source Files">
      <UniqueIdentifier>{4FC737F1-C7A5-4376-A066-2A32D752A2FF}</UniqueIdentifier>
      <Extensions>cpp;c;cc;cxx;def;odl;idl;hpj;bat;asm;asmx</Extensions>
    </Filter>
    <Filter Include="Header Files">
      <UniqueIdentifier>{93995380-89BD-4b04-88EB-625FBE52EBFB}</UniqueIdentifier>
      <Extensions>h;hh;hpp;hxx;hm;inl;inc;ipp;xsd</Extensions>
    </Filter>
    <Filter Include="Resource Files">
      <UniqueIdentifier>{67DA6AB6-F800-4c08-8B7A-83BB121AAD01}</UniqueIdentifier>
      <Extensions>rc;ico;cur;bmp;dlg;rc2;rct;bin;rgs;gif;jpg;jpeg;jpe;resx;tiff;tif;png;wav;mfcribbon-ms</Extensions>
    </Filter>
  </ItemGroup>
  <ItemGroup>
    <ClInclude Include="AField.h">
      <Filter>Header Files</Filter>
    </ClInclude>
    <ClInclude Include="BReport.h">
      <Filter>Header Files</Filter>
    </ClInclude>
    <ClInclude Include="ClientReport.h">
      <Filter>Header Files</Filter>
    </ClInclude>
    <ClInclude Include="Config.h">
      <Filter>Header Files</Filter>
    </ClInclude>
    <ClInclude Include="Cookie.h">
      <Filter>Header Files</Filter>
    </ClInclude>
    <ClInclude Include="Endpoint.h">
      <Filter>Header Files</Filter>
    </ClInclude>
    <ClInclude Include="Field.hpp">
      <Filter>Header Files</Filter>
    </ClInclude>
    <ClInclude Include="Formatter.h">
      <Filter>Header Files</Filter>
    </ClInclude>
    <ClInclude Include="GameServer.h">
      <Filter>Header Files</Filter>
    </ClInclude>
    <ClInclude Include="IOEngine.h">
      <Filter>Header Files</Filter>
    </ClInclude>
    <ClInclude Include="Model.h">
      <Filter>Header Files</Filter>
    </ClInclude>
    <ClInclude Include="ModelInterfaces.h">
      <Filter>Header Files</Filter>
    </ClInclude>
    <ClInclude Include="Mysql.h">
      <Filter>Header Files</Filter>
    </ClInclude>
    <ClInclude Include="netcode_database.h">
      <Filter>Header Files</Filter>
    </ClInclude>
    <ClInclude Include="netcode_reports.h">
      <Filter>Header Files</Filter>
    </ClInclude>
    <ClInclude Include="netcode_streams.h">
      <Filter>Header Files</Filter>
    </ClInclude>
    <ClInclude Include="netcode_types.h">
      <Filter>Header Files</Filter>
    </ClInclude>
    <ClInclude Include="netcode_utility.h">
      <Filter>Header Files</Filter>
    </ClInclude>
    <ClInclude Include="NetworkStream.h">
      <Filter>Header Files</Filter>
    </ClInclude>
    <ClInclude Include="NullableField.hpp">
      <Filter>Header Files</Filter>
    </ClInclude>
    <ClInclude Include="ServerReport.h">
      <Filter>Header Files</Filter>
    </ClInclude>
    <ClInclude Include="Session.h">
      <Filter>Header Files</Filter>
    </ClInclude>
    <ClInclude Include="Sleep.h">
      <Filter>Header Files</Filter>
    </ClInclude>
    <ClInclude Include="StreamInterfaces.h">
      <Filter>Header Files</Filter>
    </ClInclude>
    <ClInclude Include="StreamMessage.h">
      <Filter>Header Files</Filter>
    </ClInclude>
    <ClInclude Include="TcpAcceptor.h">
      <Filter>Header Files</Filter>
    </ClInclude>
    <ClInclude Include="TcpConnection.h">
      <Filter>Header Files</Filter>
    </ClInclude>
    <ClInclude Include="TcpStream.h">
      <Filter>Header Files</Filter>
    </ClInclude>
    <ClInclude Include="Timer.h">
      <Filter>Header Files</Filter>
    </ClInclude>
    <ClInclude Include="UdpStream.h">
      <Filter>Header Files</Filter>
    </ClInclude>
    <ClInclude Include="User.h">
      <Filter>Header Files</Filter>
    </ClInclude>
  </ItemGroup>
  <ItemGroup>
    <ClCompile Include="AField.cpp">
      <Filter>Source Files</Filter>
    </ClCompile>
    <ClCompile Include="BReport.cpp">
      <Filter>Source Files</Filter>
    </ClCompile>
    <ClCompile Include="ClientReport.cpp">
      <Filter>Source Files</Filter>
    </ClCompile>
    <ClCompile Include="Config.cpp">
      <Filter>Source Files</Filter>
    </ClCompile>
    <ClCompile Include="Cookie.cpp">
      <Filter>Source Files</Filter>
    </ClCompile>
    <ClCompile Include="Endpoint.cpp">
      <Filter>Source Files</Filter>
    </ClCompile>
    <ClCompile Include="Formatter.cpp">
      <Filter>Source Files</Filter>
    </ClCompile>
    <ClCompile Include="GameServer.cpp">
      <Filter>Source Files</Filter>
    </ClCompile>
    <ClCompile Include="IOEngine.cpp">
      <Filter>Source Files</Filter>
    </ClCompile>
    <ClCompile Include="Model.cpp">
      <Filter>Source Files</Filter>
    </ClCompile>
    <ClCompile Include="ModelInterfaces.cpp">
      <Filter>Source Files</Filter>
    </ClCompile>
    <ClCompile Include="Mysql.cpp">
      <Filter>Source Files</Filter>
    </ClCompile>
    <ClCompile Include="NetworkStream.cpp">
      <Filter>Source Files</Filter>
    </ClCompile>
    <ClCompile Include="ServerReport.cpp">
      <Filter>Source Files</Filter>
    </ClCompile>
    <ClCompile Include="Session.cpp">
      <Filter>Source Files</Filter>
    </ClCompile>
    <ClCompile Include="Sleep.cpp">
      <Filter>Source Files</Filter>
    </ClCompile>
    <ClCompile Include="StreamMessage.cpp">
      <Filter>Source Files</Filter>
    </ClCompile>
    <ClCompile Include="TcpAcceptor.cpp">
      <Filter>Source Files</Filter>
    </ClCompile>
    <ClCompile Include="TcpConnection.cpp">
      <Filter>Source Files</Filter>
    </ClCompile>
    <ClCompile Include="TcpStream.cpp">
      <Filter>Source Files</Filter>
    </ClCompile>
    <ClCompile Include="Timer.cpp">
      <Filter>Source Files</Filter>
    </ClCompile>
    <ClCompile Include="UdpStream.cpp">
      <Filter>Source Files</Filter>
    </ClCompile>
    <ClCompile Include="User.cpp">
      <Filter>Source Files</Filter>
    </ClCompile>
  </ItemGroup>
</Project>